// !$*UTF8*$!
{
	archiveVersion = 1;
	classes = {
	};
	objectVersion = 46;
	objects = {

/* Begin PBXBuildFile section */
		E66B0B811472FD1D00BBA686 /* UIKit.framework in Frameworks */ = {isa = PBXBuildFile; fileRef = E66B0B801472FD1D00BBA686 /* UIKit.framework */; };
		E66B0B831472FD1D00BBA686 /* Foundation.framework in Frameworks */ = {isa = PBXBuildFile; fileRef = E66B0B821472FD1D00BBA686 /* Foundation.framework */; };
		E66B0B851472FD1D00BBA686 /* CoreGraphics.framework in Frameworks */ = {isa = PBXBuildFile; fileRef = E66B0B841472FD1D00BBA686 /* CoreGraphics.framework */; };
		E66B0B8B1472FD1D00BBA686 /* InfoPlist.strings in Resources */ = {isa = PBXBuildFile; fileRef = E66B0B891472FD1D00BBA686 /* InfoPlist.strings */; };
		E66B0B8D1472FD1D00BBA686 /* main.m in Sources */ = {isa = PBXBuildFile; fileRef = E66B0B8C1472FD1D00BBA686 /* main.m */; };
		E66B0B911472FD1D00BBA686 /* AppDelegate.m in Sources */ = {isa = PBXBuildFile; fileRef = E66B0B901472FD1D00BBA686 /* AppDelegate.m */; };
		E66B0B941472FD1D00BBA686 /* MasterViewController.m in Sources */ = {isa = PBXBuildFile; fileRef = E66B0B931472FD1D00BBA686 /* MasterViewController.m */; };
		E66B0B971472FD1D00BBA686 /* DetailViewController.m in Sources */ = {isa = PBXBuildFile; fileRef = E66B0B961472FD1D00BBA686 /* DetailViewController.m */; };
		E66B0B9A1472FD1D00BBA686 /* MasterViewController.xib in Resources */ = {isa = PBXBuildFile; fileRef = E66B0B981472FD1D00BBA686 /* MasterViewController.xib */; };
		E66B0B9D1472FD1D00BBA686 /* DetailViewController.xib in Resources */ = {isa = PBXBuildFile; fileRef = E66B0B9B1472FD1D00BBA686 /* DetailViewController.xib */; };
/* End PBXBuildFile section */

/* Begin PBXFileReference section */
		E66B0B7C1472FD1D00BBA686 /* iPad Activity Tracker.app */ = {isa = PBXFileReference; explicitFileType = wrapper.application; includeInIndex = 0; path = "iPad Activity Tracker.app"; sourceTree = BUILT_PRODUCTS_DIR; };
		E66B0B801472FD1D00BBA686 /* UIKit.framework */ = {isa = PBXFileReference; lastKnownFileType = wrapper.framework; name = UIKit.framework; path = System/Library/Frameworks/UIKit.framework; sourceTree = SDKROOT; };
		E66B0B821472FD1D00BBA686 /* Foundation.framework */ = {isa = PBXFileReference; lastKnownFileType = wrapper.framework; name = Foundation.framework; path = System/Library/Frameworks/Foundation.framework; sourceTree = SDKROOT; };
		E66B0B841472FD1D00BBA686 /* CoreGraphics.framework */ = {isa = PBXFileReference; lastKnownFileType = wrapper.framework; name = CoreGraphics.framework; path = System/Library/Frameworks/CoreGraphics.framework; sourceTree = SDKROOT; };
		E66B0B881472FD1D00BBA686 /* iPad Activity Tracker-Info.plist */ = {isa = PBXFileReference; path = "iPad Activity Tracker-Info.plist"; sourceTree = "<group>"; };
		E66B0B8A1472FD1D00BBA686 /* en */ = {isa = PBXFileReference; lastKnownFileType = text.plist.strings; name = en; path = en.lproj/InfoPlist.strings; sourceTree = "<group>"; };
		E66B0B8C1472FD1D00BBA686 /* main.m */ = {isa = PBXFileReference; lastKnownFileType = sourcecode.c.objc; path = main.m; sourceTree = "<group>"; };
		E66B0B8E1472FD1D00BBA686 /* iPad Activity Tracker-Prefix.pch */ = {isa = PBXFileReference; path = "iPad Activity Tracker-Prefix.pch"; sourceTree = "<group>"; };
		E66B0B8F1472FD1D00BBA686 /* AppDelegate.h */ = {isa = PBXFileReference; path = AppDelegate.h; sourceTree = "<group>"; };
		E66B0B901472FD1D00BBA686 /* AppDelegate.m */ = {isa = PBXFileReference; lastKnownFileType = sourcecode.c.objc; path = AppDelegate.m; sourceTree = "<group>"; };
		E66B0B921472FD1D00BBA686 /* MasterViewController.h */ = {isa = PBXFileReference; path = MasterViewController.h; sourceTree = "<group>"; };
		E66B0B931472FD1D00BBA686 /* MasterViewController.m */ = {isa = PBXFileReference; lastKnownFileType = sourcecode.c.objc; path = MasterViewController.m; sourceTree = "<group>"; };
		E66B0B951472FD1D00BBA686 /* DetailViewController.h */ = {isa = PBXFileReference; path = DetailViewController.h; sourceTree = "<group>"; };
		E66B0B961472FD1D00BBA686 /* DetailViewController.m */ = {isa = PBXFileReference; lastKnownFileType = sourcecode.c.objc; path = DetailViewController.m; sourceTree = "<group>"; };
		E66B0B991472FD1D00BBA686 /* en */ = {isa = PBXFileReference; lastKnownFileType = file.xib; name = en; path = en.lproj/MasterViewController.xib; sourceTree = "<group>"; };
		E66B0B9C1472FD1D00BBA686 /* en */ = {isa = PBXFileReference; lastKnownFileType = file.xib; name = en; path = en.lproj/DetailViewController.xib; sourceTree = "<group>"; };
/* End PBXFileReference section */

/* Begin PBXFrameworksBuildPhase section */
		E66B0B791472FD1D00BBA686 /* Frameworks */ = {
			isa = PBXFrameworksBuildPhase;
			buildActionMask = 2147483647;
			files = (
				E66B0B811472FD1D00BBA686 /* UIKit.framework in Frameworks */,
				E66B0B831472FD1D00BBA686 /* Foundation.framework in Frameworks */,
				E66B0B851472FD1D00BBA686 /* CoreGraphics.framework in Frameworks */,
			);
			runOnlyForDeploymentPostprocessing = 0;
		};
/* End PBXFrameworksBuildPhase section */

/* Begin PBXGroup section */
		E66B0B711472FD1C00BBA686 = {
			isa = PBXGroup;
			children = (
				E66B0B861472FD1D00BBA686 /* iPad Activity Tracker */,
				E66B0B7F1472FD1D00BBA686 /* Frameworks */,
				E66B0B7D1472FD1D00BBA686 /* Products */,
			);
			sourceTree = "<group>";
		};
		E66B0B7D1472FD1D00BBA686 /* Products */ = {
			isa = PBXGroup;
			children = (
				E66B0B7C1472FD1D00BBA686 /* iPad Activity Tracker.app */,
			);
			name = Products;
			sourceTree = "<group>";
		};
		E66B0B7F1472FD1D00BBA686 /* Frameworks */ = {
			isa = PBXGroup;
			children = (
				E66B0B801472FD1D00BBA686 /* UIKit.framework */,
				E66B0B821472FD1D00BBA686 /* Foundation.framework */,
				E66B0B841472FD1D00BBA686 /* CoreGraphics.framework */,
			);
			name = Frameworks;
			sourceTree = "<group>";
		};
		E66B0B861472FD1D00BBA686 /* iPad Activity Tracker */ = {
			isa = PBXGroup;
			children = (
				E66B0B8F1472FD1D00BBA686 /* AppDelegate.h */,
				E66B0B901472FD1D00BBA686 /* AppDelegate.m */,
				E66B0B921472FD1D00BBA686 /* MasterViewController.h */,
				E66B0B931472FD1D00BBA686 /* MasterViewController.m */,
				E66B0B951472FD1D00BBA686 /* DetailViewController.h */,
				E66B0B961472FD1D00BBA686 /* DetailViewController.m */,
				E66B0B981472FD1D00BBA686 /* MasterViewController.xib */,
				E66B0B9B1472FD1D00BBA686 /* DetailViewController.xib */,
				E66B0B871472FD1D00BBA686 /* Supporting Files */,
			);
			path = "iPad Activity Tracker";
			sourceTree = "<group>";
		};
		E66B0B871472FD1D00BBA686 /* Supporting Files */ = {
			isa = PBXGroup;
			children = (
				E66B0B881472FD1D00BBA686 /* iPad Activity Tracker-Info.plist */,
				E66B0B891472FD1D00BBA686 /* InfoPlist.strings */,
				E66B0B8C1472FD1D00BBA686 /* main.m */,
				E66B0B8E1472FD1D00BBA686 /* iPad Activity Tracker-Prefix.pch */,
			);
			name = "Supporting Files";
			sourceTree = "<group>";
		};
/* End PBXGroup section */

/* Begin PBXNativeTarget section */
		E66B0B7B1472FD1D00BBA686 /* iPad Activity Tracker */ = {
			isa = PBXNativeTarget;
			buildConfigurationList = E66B0BA01472FD1D00BBA686 /* Build configuration list for PBXNativeTarget "iPad Activity Tracker" */;
			buildPhases = (
				E66B0B781472FD1D00BBA686 /* Sources */,
				E66B0B791472FD1D00BBA686 /* Frameworks */,
				E66B0B7A1472FD1D00BBA686 /* Resources */,
			);
			buildRules = (
			);
			dependencies = (
			);
			name = "iPad Activity Tracker";
			productName = "iPad Activity Tracker";
			productReference = E66B0B7C1472FD1D00BBA686 /* iPad Activity Tracker.app */;
			productType = "com.apple.product-type.application";
		};
/* End PBXNativeTarget section */

/* Begin PBXProject section */
		E66B0B731472FD1C00BBA686 /* Project object */ = {
			isa = PBXProject;
			attributes = {
				LastUpgradeCheck = 0420;
			};
			buildConfigurationList = E66B0B761472FD1C00BBA686 /* Build configuration list for PBXProject "iPad Activity Tracker" */;
			compatibilityVersion = "Xcode 3.2";
			developmentRegion = English;
			hasScannedForEncodings = 0;
			knownRegions = (
				en,
			);
			mainGroup = E66B0B711472FD1C00BBA686;
			productRefGroup = E66B0B7D1472FD1D00BBA686 /* Products */;
			projectDirPath = "";
			projectRoot = "";
			targets = (
				E66B0B7B1472FD1D00BBA686 /* iPad Activity Tracker */,
			);
		};
/* End PBXProject section */

/* Begin PBXResourcesBuildPhase section */
		E66B0B7A1472FD1D00BBA686 /* Resources */ = {
			isa = PBXResourcesBuildPhase;
			buildActionMask = 2147483647;
			files = (
				E66B0B8B1472FD1D00BBA686 /* InfoPlist.strings in Resources */,
				E66B0B9A1472FD1D00BBA686 /* MasterViewController.xib in Resources */,
				E66B0B9D1472FD1D00BBA686 /* DetailViewController.xib in Resources */,
			);
			runOnlyForDeploymentPostprocessing = 0;
		};
/* End PBXResourcesBuildPhase section */

/* Begin PBXSourcesBuildPhase section */
		E66B0B781472FD1D00BBA686 /* Sources */ = {
			isa = PBXSourcesBuildPhase;
			buildActionMask = 2147483647;
			files = (
				E66B0B8D1472FD1D00BBA686 /* main.m in Sources */,
				E66B0B911472FD1D00BBA686 /* AppDelegate.m in Sources */,
				E66B0B941472FD1D00BBA686 /* MasterViewController.m in Sources */,
				E66B0B971472FD1D00BBA686 /* DetailViewController.m in Sources */,
			);
			runOnlyForDeploymentPostprocessing = 0;
		};
/* End PBXSourcesBuildPhase section */

/* Begin PBXVariantGroup section */
		E66B0B891472FD1D00BBA686 /* InfoPlist.strings */ = {
			isa = PBXVariantGroup;
			children = (
				E66B0B8A1472FD1D00BBA686 /* en */,
			);
			name = InfoPlist.strings;
			sourceTree = "<group>";
		};
		E66B0B981472FD1D00BBA686 /* MasterViewController.xib */ = {
			isa = PBXVariantGroup;
			children = (
				E66B0B991472FD1D00BBA686 /* en */,
			);
			name = MasterViewController.xib;
			sourceTree = "<group>";
		};
		E66B0B9B1472FD1D00BBA686 /* DetailViewController.xib */ = {
			isa = PBXVariantGroup;
			children = (
				E66B0B9C1472FD1D00BBA686 /* en */,
			);
			name = DetailViewController.xib;
			sourceTree = "<group>";
		};
/* End PBXVariantGroup section */

/* Begin XCBuildConfiguration section */
		E66B0B9E1472FD1D00BBA686 /* Debug */ = {
			isa = XCBuildConfiguration;
			buildSettings = {
				ALWAYS_SEARCH_USER_PATHS = NO;
				ARCHS = "$(ARCHS_STANDARD_32_BIT)";
				"CODE_SIGN_IDENTITY[sdk=iphoneos*]" = "iPhone Developer";
				COPY_PHASE_STRIP = NO;
				GCC_C_LANGUAGE_STANDARD = gnu99;
				GCC_DYNAMIC_NO_PIC = NO;
				GCC_OPTIMIZATION_LEVEL = 0;
				GCC_PREPROCESSOR_DEFINITIONS = (
					"DEBUG=1",
					"$(inherited)",
				);
				GCC_SYMBOLS_PRIVATE_EXTERN = NO;
				GCC_VERSION = com.apple.compilers.llvm.clang.1_0;
				GCC_WARN_ABOUT_MISSING_PROTOTYPES = YES;
				GCC_WARN_ABOUT_RETURN_TYPE = YES;
				GCC_WARN_UNUSED_VARIABLE = YES;
				IPHONEOS_DEPLOYMENT_TARGET = 5.0;
				SDKROOT = iphoneos;
				TARGETED_DEVICE_FAMILY = 2;
			};
			name = Debug;
		};
		E66B0B9F1472FD1D00BBA686 /* Release */ = {
			isa = XCBuildConfiguration;
			buildSettings = {
				ALWAYS_SEARCH_USER_PATHS = NO;
				ARCHS = "$(ARCHS_STANDARD_32_BIT)";
				"CODE_SIGN_IDENTITY[sdk=iphoneos*]" = "iPhone Developer";
				COPY_PHASE_STRIP = YES;
				GCC_C_LANGUAGE_STANDARD = gnu99;
				GCC_VERSION = com.apple.compilers.llvm.clang.1_0;
				GCC_WARN_ABOUT_MISSING_PROTOTYPES = YES;
				GCC_WARN_ABOUT_RETURN_TYPE = YES;
				GCC_WARN_UNUSED_VARIABLE = YES;
				IPHONEOS_DEPLOYMENT_TARGET = 5.0;
				OTHER_CFLAGS = "-DNS_BLOCK_ASSERTIONS=1";
				SDKROOT = iphoneos;
				TARGETED_DEVICE_FAMILY = 2;
				VALIDATE_PRODUCT = YES;
			};
			name = Release;
		};
		E66B0BA11472FD1D00BBA686 /* Debug */ = {
			isa = XCBuildConfiguration;
			buildSettings = {
				GCC_PRECOMPILE_PREFIX_HEADER = YES;
				GCC_PREFIX_HEADER = "iPad Activity Tracker/iPad Activity Tracker-Prefix.pch";
				INFOPLIST_FILE = "iPad Activity Tracker/iPad Activity Tracker-Info.plist";
				PRODUCT_NAME = "$(TARGET_NAME)";
				WRAPPER_EXTENSION = app;
			};
			name = Debug;
		};
		E66B0BA21472FD1D00BBA686 /* Release */ = {
			isa = XCBuildConfiguration;
			buildSettings = {
				GCC_PRECOMPILE_PREFIX_HEADER = YES;
				GCC_PREFIX_HEADER = "iPad Activity Tracker/iPad Activity Tracker-Prefix.pch";
				INFOPLIST_FILE = "iPad Activity Tracker/iPad Activity Tracker-Info.plist";
				PRODUCT_NAME = "$(TARGET_NAME)";
				WRAPPER_EXTENSION = app;
			};
			name = Release;
		};
/* End XCBuildConfiguration section */

/* Begin XCConfigurationList section */
		E66B0B761472FD1C00BBA686 /* Build configuration list for PBXProject "iPad Activity Tracker" */ = {
			isa = XCConfigurationList;
			buildConfigurations = (
				E66B0B9E1472FD1D00BBA686 /* Debug */,
				E66B0B9F1472FD1D00BBA686 /* Release */,
			);
			defaultConfigurationIsVisible = 0;
			defaultConfigurationName = Release;
		};
		E66B0BA01472FD1D00BBA686 /* Build configuration list for PBXNativeTarget "iPad Activity Tracker" */ = {
			isa = XCConfigurationList;
			buildConfigurations = (
				E66B0BA11472FD1D00BBA686 /* Debug */,
				E66B0BA21472FD1D00BBA686 /* Release */,
			);
			defaultConfigurationIsVisible = 0;
		};
/* End XCConfigurationList section */
	};
	rootObject = E66B0B731472FD1C00BBA686 /* Project object */;
}
