// !$*UTF8*$!
{
	archiveVersion = 1;
	classes = {
	};
	objectVersion = 46;
	objects = {

/* Begin PBXBuildFile section */
		E602621C148AAE76000AEF45 /* openactivity32.png in Resources */ = {isa = PBXBuildFile; fileRef = E602621B148AAE76000AEF45 /* openactivity32.png */; };
		E602621F148B6F41000AEF45 /* Utils.m in Sources */ = {isa = PBXBuildFile; fileRef = E602621E148B6F41000AEF45 /* Utils.m */; };
		E6026222148B7107000AEF45 /* Day.m in Sources */ = {isa = PBXBuildFile; fileRef = E6026221148B7107000AEF45 /* Day.m */; };
		E6051FEE14CF70E9009D8EE9 /* OpportunitySearchController.m in Sources */ = {isa = PBXBuildFile; fileRef = E6051FEC14CF70E8009D8EE9 /* OpportunitySearchController.m */; };
		E6051FEF14CF70E9009D8EE9 /* OpportunitySearchController.xib in Resources */ = {isa = PBXBuildFile; fileRef = E6051FED14CF70E8009D8EE9 /* OpportunitySearchController.xib */; };
		E60CBF8E14BCBAB700EB7A71 /* AllEventsViewController.m in Sources */ = {isa = PBXBuildFile; fileRef = E60CBF8D14BCBAB600EB7A71 /* AllEventsViewController.m */; };
		E60CBF9314BCCFDD00EB7A71 /* AllEventsViewController.xib in Resources */ = {isa = PBXBuildFile; fileRef = E60CBF9214BCCFDD00EB7A71 /* AllEventsViewController.xib */; };
		E625BD6414D00DDE00027680 /* AccountDetailViewController.m in Sources */ = {isa = PBXBuildFile; fileRef = E625BD6214D00DDE00027680 /* AccountDetailViewController.m */; };
		E625BD6514D00DDE00027680 /* AccountDetailViewController.xib in Resources */ = {isa = PBXBuildFile; fileRef = E625BD6314D00DDE00027680 /* AccountDetailViewController.xib */; };
		E625BD6F14D15D8600027680 /* SettingsViewController.m in Sources */ = {isa = PBXBuildFile; fileRef = E625BD6D14D15D8500027680 /* SettingsViewController.m */; };
		E625BD7014D15D8600027680 /* SettingsViewController.xib in Resources */ = {isa = PBXBuildFile; fileRef = E625BD6E14D15D8600027680 /* SettingsViewController.xib */; };
		E650270514D85CCC00CA563C /* Entitlements.plist in Resources */ = {isa = PBXBuildFile; fileRef = E650270414D85CCC00CA563C /* Entitlements.plist */; };
		E66A312514B1F13100345C9F /* button_cancel20x20.png in Resources */ = {isa = PBXBuildFile; fileRef = E66A312214B1F13100345C9F /* button_cancel20x20.png */; };
		E66A312614B1F13100345C9F /* Ok20x20.png in Resources */ = {isa = PBXBuildFile; fileRef = E66A312314B1F13100345C9F /* Ok20x20.png */; };
		E66A312714B1F13100345C9F /* OkGray20x20.png in Resources */ = {isa = PBXBuildFile; fileRef = E66A312414B1F13100345C9F /* OkGray20x20.png */; };
		E66A312B14B1F53300345C9F /* Icon-72.png in Resources */ = {isa = PBXBuildFile; fileRef = E66A312914B1F53300345C9F /* Icon-72.png */; };
		E66A312C14B1F53300345C9F /* Icon-Small-50.png in Resources */ = {isa = PBXBuildFile; fileRef = E66A312A14B1F53300345C9F /* Icon-Small-50.png */; };
		E66ADB0C14A29A750015D074 /* TypeSelectController.m in Sources */ = {isa = PBXBuildFile; fileRef = E66ADB0A14A29A750015D074 /* TypeSelectController.m */; };
		E66ADB0D14A29A750015D074 /* TypeSelectController.xib in Resources */ = {isa = PBXBuildFile; fileRef = E66ADB0B14A29A750015D074 /* TypeSelectController.xib */; };
		E66B0B811472FD1D00BBA686 /* UIKit.framework in Frameworks */ = {isa = PBXBuildFile; fileRef = E66B0B801472FD1D00BBA686 /* UIKit.framework */; };
		E66B0B831472FD1D00BBA686 /* Foundation.framework in Frameworks */ = {isa = PBXBuildFile; fileRef = E66B0B821472FD1D00BBA686 /* Foundation.framework */; };
		E66B0B851472FD1D00BBA686 /* CoreGraphics.framework in Frameworks */ = {isa = PBXBuildFile; fileRef = E66B0B841472FD1D00BBA686 /* CoreGraphics.framework */; };
		E66B0B8B1472FD1D00BBA686 /* InfoPlist.strings in Resources */ = {isa = PBXBuildFile; fileRef = E66B0B891472FD1D00BBA686 /* InfoPlist.strings */; };
		E66B0B8D1472FD1D00BBA686 /* main.m in Sources */ = {isa = PBXBuildFile; fileRef = E66B0B8C1472FD1D00BBA686 /* main.m */; };
		E66B0B911472FD1D00BBA686 /* AppDelegate.m in Sources */ = {isa = PBXBuildFile; fileRef = E66B0B901472FD1D00BBA686 /* AppDelegate.m */; };
		E66B0C2A147300C000BBA686 /* LoginView.m in Sources */ = {isa = PBXBuildFile; fileRef = E66B0C28147300C000BBA686 /* LoginView.m */; };
		E66B0C2B147300C000BBA686 /* LoginView.xib in Resources */ = {isa = PBXBuildFile; fileRef = E66B0C29147300C000BBA686 /* LoginView.xib */; };
		E672A9AD14BDCCA60091FA32 /* ATEvent.m in Sources */ = {isa = PBXBuildFile; fileRef = E672A9AC14BDCCA60091FA32 /* ATEvent.m */; };
		E676353114CF57B9001B83F6 /* OpportunityDetailViewController.m in Sources */ = {isa = PBXBuildFile; fileRef = E676352F14CF57B9001B83F6 /* OpportunityDetailViewController.m */; };
		E676353214CF57B9001B83F6 /* OpportunityDetailViewController.xib in Resources */ = {isa = PBXBuildFile; fileRef = E676353014CF57B9001B83F6 /* OpportunityDetailViewController.xib */; };
		E679952814D1D1D900E76759 /* preferences.png in Resources */ = {isa = PBXBuildFile; fileRef = E679952714D1D1D900E76759 /* preferences.png */; };
		E679952B14D1D23300E76759 /* magnifyingglass.png in Resources */ = {isa = PBXBuildFile; fileRef = E679952A14D1D23300E76759 /* magnifyingglass.png */; };
		E679952D14D1D27200E76759 /* database.png in Resources */ = {isa = PBXBuildFile; fileRef = E679952C14D1D27200E76759 /* database.png */; };
		E67A7AD0149F58DA00C9164A /* datePicker16.gif in Resources */ = {isa = PBXBuildFile; fileRef = E67A7ACF149F58DA00C9164A /* datePicker16.gif */; };
		E67A7B2814A13F2D00C9164A /* zkAuthentication.m in Sources */ = {isa = PBXBuildFile; fileRef = E67A7AE014A13F2D00C9164A /* zkAuthentication.m */; };
		E67A7B2914A13F2D00C9164A /* zkBaseClient.m in Sources */ = {isa = PBXBuildFile; fileRef = E67A7AE214A13F2D00C9164A /* zkBaseClient.m */; };
		E67A7B2A14A13F2D00C9164A /* zkChildRelationship.m in Sources */ = {isa = PBXBuildFile; fileRef = E67A7AE414A13F2D00C9164A /* zkChildRelationship.m */; };
		E67A7B2B14A13F2D00C9164A /* zkDescribeField.m in Sources */ = {isa = PBXBuildFile; fileRef = E67A7AE614A13F2D00C9164A /* zkDescribeField.m */; };
		E67A7B2C14A13F2D00C9164A /* zkDescribeGlobalSObject.m in Sources */ = {isa = PBXBuildFile; fileRef = E67A7AE814A13F2D00C9164A /* zkDescribeGlobalSObject.m */; };
		E67A7B2D14A13F2D00C9164A /* ZKDescribeLayout.m in Sources */ = {isa = PBXBuildFile; fileRef = E67A7AEA14A13F2D00C9164A /* ZKDescribeLayout.m */; };
		E67A7B2E14A13F2D00C9164A /* ZKDescribeLayoutButton.m in Sources */ = {isa = PBXBuildFile; fileRef = E67A7AEC14A13F2D00C9164A /* ZKDescribeLayoutButton.m */; };
		E67A7B2F14A13F2D00C9164A /* ZKDescribeLayoutButtonSection.m in Sources */ = {isa = PBXBuildFile; fileRef = E67A7AEE14A13F2D00C9164A /* ZKDescribeLayoutButtonSection.m */; };
		E67A7B3014A13F2D00C9164A /* ZKDescribeLayoutComponent.m in Sources */ = {isa = PBXBuildFile; fileRef = E67A7AF014A13F2D00C9164A /* ZKDescribeLayoutComponent.m */; };
		E67A7B3114A13F2D00C9164A /* ZKDescribeLayoutItem.m in Sources */ = {isa = PBXBuildFile; fileRef = E67A7AF214A13F2D00C9164A /* ZKDescribeLayoutItem.m */; };
		E67A7B3214A13F2D00C9164A /* ZKDescribeLayoutResult.m in Sources */ = {isa = PBXBuildFile; fileRef = E67A7AF414A13F2D00C9164A /* ZKDescribeLayoutResult.m */; };
		E67A7B3314A13F2D00C9164A /* ZKDescribeLayoutRow.m in Sources */ = {isa = PBXBuildFile; fileRef = E67A7AF614A13F2D00C9164A /* ZKDescribeLayoutRow.m */; };
		E67A7B3414A13F2D00C9164A /* ZKDescribeLayoutSection.m in Sources */ = {isa = PBXBuildFile; fileRef = E67A7AF814A13F2D00C9164A /* ZKDescribeLayoutSection.m */; };
		E67A7B3514A13F2D00C9164A /* zkDescribeSObject.m in Sources */ = {isa = PBXBuildFile; fileRef = E67A7AFA14A13F2D00C9164A /* zkDescribeSObject.m */; };
		E67A7B3614A13F2D00C9164A /* ZKDescribeTab.m in Sources */ = {isa = PBXBuildFile; fileRef = E67A7AFC14A13F2D00C9164A /* ZKDescribeTab.m */; };
		E67A7B3714A13F2D00C9164A /* ZKDescribeTabSetResult.m in Sources */ = {isa = PBXBuildFile; fileRef = E67A7AFE14A13F2D00C9164A /* ZKDescribeTabSetResult.m */; };
		E67A7B3814A13F2D00C9164A /* zkEnvelope.m in Sources */ = {isa = PBXBuildFile; fileRef = E67A7B0014A13F2D00C9164A /* zkEnvelope.m */; };
		E67A7B3914A13F2D00C9164A /* zkLoginResult.m in Sources */ = {isa = PBXBuildFile; fileRef = E67A7B0214A13F2D00C9164A /* zkLoginResult.m */; };
		E67A7B3A14A13F2D00C9164A /* zkParser.m in Sources */ = {isa = PBXBuildFile; fileRef = E67A7B0414A13F2D00C9164A /* zkParser.m */; };
		E67A7B3B14A13F2D00C9164A /* ZKPartnerEnvelope.m in Sources */ = {isa = PBXBuildFile; fileRef = E67A7B0614A13F2D00C9164A /* ZKPartnerEnvelope.m */; };
		E67A7B3C14A13F2D00C9164A /* ZKPicklistEntry.m in Sources */ = {isa = PBXBuildFile; fileRef = E67A7B0814A13F2D00C9164A /* ZKPicklistEntry.m */; };
		E67A7B3D14A13F2D00C9164A /* ZKPicklistForRecordType.m in Sources */ = {isa = PBXBuildFile; fileRef = E67A7B0A14A13F2D00C9164A /* ZKPicklistForRecordType.m */; };
		E67A7B3E14A13F2D00C9164A /* zkQueryResult+NSTableView.m in Sources */ = {isa = PBXBuildFile; fileRef = E67A7B0C14A13F2D00C9164A /* zkQueryResult+NSTableView.m */; };
		E67A7B3F14A13F2D00C9164A /* zkQueryResult.m in Sources */ = {isa = PBXBuildFile; fileRef = E67A7B0E14A13F2D00C9164A /* zkQueryResult.m */; };
		E67A7B4014A13F2D00C9164A /* ZKRecordTypeInfo.m in Sources */ = {isa = PBXBuildFile; fileRef = E67A7B1014A13F2D00C9164A /* ZKRecordTypeInfo.m */; };
		E67A7B4114A13F2D00C9164A /* ZKRecordTypeMapping.m in Sources */ = {isa = PBXBuildFile; fileRef = E67A7B1214A13F2D00C9164A /* ZKRecordTypeMapping.m */; };
		E67A7B4214A13F2D00C9164A /* ZKRelatedList.m in Sources */ = {isa = PBXBuildFile; fileRef = E67A7B1414A13F2D00C9164A /* ZKRelatedList.m */; };
		E67A7B4314A13F2D00C9164A /* ZKRelatedListColumn.m in Sources */ = {isa = PBXBuildFile; fileRef = E67A7B1614A13F2D00C9164A /* ZKRelatedListColumn.m */; };
		E67A7B4414A13F2D00C9164A /* ZKRelatedListSort.m in Sources */ = {isa = PBXBuildFile; fileRef = E67A7B1814A13F2D00C9164A /* ZKRelatedListSort.m */; };
		E67A7B4514A13F2D00C9164A /* zkSaveResult.m in Sources */ = {isa = PBXBuildFile; fileRef = E67A7B1A14A13F2D00C9164A /* zkSaveResult.m */; };
		E67A7B4614A13F2D00C9164A /* zkSforceClient+zkAsyncQuery.m in Sources */ = {isa = PBXBuildFile; fileRef = E67A7B1D14A13F2D00C9164A /* zkSforceClient+zkAsyncQuery.m */; };
		E67A7B4714A13F2D00C9164A /* zkSforceClient.m in Sources */ = {isa = PBXBuildFile; fileRef = E67A7B1F14A13F2D00C9164A /* zkSforceClient.m */; };
		E67A7B4814A13F2D00C9164A /* zkSoapException.m in Sources */ = {isa = PBXBuildFile; fileRef = E67A7B2114A13F2D00C9164A /* zkSoapException.m */; };
		E67A7B4914A13F2D00C9164A /* zkSObject.m in Sources */ = {isa = PBXBuildFile; fileRef = E67A7B2314A13F2D00C9164A /* zkSObject.m */; };
		E67A7B4A14A13F2D00C9164A /* zkUserInfo.m in Sources */ = {isa = PBXBuildFile; fileRef = E67A7B2514A13F2D00C9164A /* zkUserInfo.m */; };
		E67A7B4B14A13F2D00C9164A /* zkXmlDeserializer.m in Sources */ = {isa = PBXBuildFile; fileRef = E67A7B2714A13F2D00C9164A /* zkXmlDeserializer.m */; };
		E67A7B6E14A228C200C9164A /* linenBG.png in Resources */ = {isa = PBXBuildFile; fileRef = E67A7B6D14A228C100C9164A /* linenBG.png */; };
		E67A7B7114A22F8300C9164A /* SFDC.m in Sources */ = {isa = PBXBuildFile; fileRef = E67A7B7014A22F8200C9164A /* SFDC.m */; };
		E67A7B7514A23A4800C9164A /* NSURL+Additions.m in Sources */ = {isa = PBXBuildFile; fileRef = E67A7B7414A23A4700C9164A /* NSURL+Additions.m */; };
		E67A7B7814A23DEE00C9164A /* SimpleKeychain.m in Sources */ = {isa = PBXBuildFile; fileRef = E67A7B7714A23DEE00C9164A /* SimpleKeychain.m */; };
		E6BB1E8914A2445E000C0F07 /* Security.framework in Frameworks */ = {isa = PBXBuildFile; fileRef = E6BB1E8814A2445E000C0F07 /* Security.framework */; };
		E6D5A9E6149E300A0084DA2B /* EventKit.framework in Frameworks */ = {isa = PBXBuildFile; fileRef = E6D5A9E5149E300A0084DA2B /* EventKit.framework */; };
		E6D99C0614CF08A300016F44 /* Calendar.png in Resources */ = {isa = PBXBuildFile; fileRef = E6D99C0514CF08A300016F44 /* Calendar.png */; };
		E6D99C0914CF0C9A00016F44 /* google-calendar-icon32x32.png in Resources */ = {isa = PBXBuildFile; fileRef = E6D99C0814CF0C9A00016F44 /* google-calendar-icon32x32.png */; };
		E6D99C0B14CF0F0000016F44 /* SFDCLogo2-small.jpg in Resources */ = {isa = PBXBuildFile; fileRef = E6D99C0A14CF0F0000016F44 /* SFDCLogo2-small.jpg */; };
		E6D99C0D14CF125600016F44 /* Calendar16.png in Resources */ = {isa = PBXBuildFile; fileRef = E6D99C0C14CF125600016F44 /* Calendar16.png */; };
		E6D99C0F14CF14FF00016F44 /* datePicker16ok.gif in Resources */ = {isa = PBXBuildFile; fileRef = E6D99C0E14CF14FF00016F44 /* datePicker16ok.gif */; };
		E6D99C1114CF160F00016F44 /* datePicker16halfok.gif in Resources */ = {isa = PBXBuildFile; fileRef = E6D99C1014CF160F00016F44 /* datePicker16halfok.gif */; };
		E6D99C1314CF1AB400016F44 /* help.html in Resources */ = {isa = PBXBuildFile; fileRef = E6D99C1214CF1AB300016F44 /* help.html */; };
		E6DB09E214CB240900D1FDB4 /* EventDetailViewController.m in Sources */ = {isa = PBXBuildFile; fileRef = E6DB09E014CB240900D1FDB4 /* EventDetailViewController.m */; };
		E6DB09E314CB240900D1FDB4 /* EventDetailViewController.xib in Resources */ = {isa = PBXBuildFile; fileRef = E6DB09E114CB240900D1FDB4 /* EventDetailViewController.xib */; };
		E6E0DBE514A3970100A3ED77 /* OpportunitySelectController.m in Sources */ = {isa = PBXBuildFile; fileRef = E6E0DBE314A3970100A3ED77 /* OpportunitySelectController.m */; };
		E6E0DBE614A3970100A3ED77 /* OpportunitySelectController.xib in Resources */ = {isa = PBXBuildFile; fileRef = E6E0DBE414A3970100A3ED77 /* OpportunitySelectController.xib */; };
		E6E0DBEF14A397DE00A3ED77 /* AccountSelectController.m in Sources */ = {isa = PBXBuildFile; fileRef = E6E0DBED14A397DE00A3ED77 /* AccountSelectController.m */; };
		E6E0DBF014A397DE00A3ED77 /* AccountSelectController.xib in Resources */ = {isa = PBXBuildFile; fileRef = E6E0DBEE14A397DE00A3ED77 /* AccountSelectController.xib */; };
		E6E0DBF314A39D7700A3ED77 /* bank.png in Resources */ = {isa = PBXBuildFile; fileRef = E6E0DBF114A39D7600A3ED77 /* bank.png */; };
		E6E0DBF414A39D7700A3ED77 /* piggy.png in Resources */ = {isa = PBXBuildFile; fileRef = E6E0DBF214A39D7600A3ED77 /* piggy.png */; };
		E6EF2C3914E6EF8800CB5D1E /* 83-calendar.png in Resources */ = {isa = PBXBuildFile; fileRef = E6EF2C3814E6EF8800CB5D1E /* 83-calendar.png */; };
		E6EF2C3C14E8331900CB5D1E /* save.png in Resources */ = {isa = PBXBuildFile; fileRef = E6EF2C3B14E8331900CB5D1E /* save.png */; };
		E6EF2C3E14E836B400CB5D1E /* 23_full_trash.png in Resources */ = {isa = PBXBuildFile; fileRef = E6EF2C3D14E836B400CB5D1E /* 23_full_trash.png */; };
/* End PBXBuildFile section */

/* Begin PBXFileReference section */
		E602621B148AAE76000AEF45 /* openactivity32.png */ = {isa = PBXFileReference; lastKnownFileType = image.png; path = openactivity32.png; sourceTree = "<group>"; };
		E602621D148B6F41000AEF45 /* Utils.h */ = {isa = PBXFileReference; fileEncoding = 4; lastKnownFileType = sourcecode.c.h; lineEnding = 0; path = Utils.h; sourceTree = "<group>"; xcLanguageSpecificationIdentifier = xcode.lang.objcpp; };
		E602621E148B6F41000AEF45 /* Utils.m */ = {isa = PBXFileReference; fileEncoding = 4; lastKnownFileType = sourcecode.c.objc; lineEnding = 0; path = Utils.m; sourceTree = "<group>"; xcLanguageSpecificationIdentifier = xcode.lang.objc; };
		E6026220148B7107000AEF45 /* Day.h */ = {isa = PBXFileReference; fileEncoding = 4; lastKnownFileType = sourcecode.c.h; lineEnding = 0; path = Day.h; sourceTree = "<group>"; xcLanguageSpecificationIdentifier = xcode.lang.objcpp; };
		E6026221148B7107000AEF45 /* Day.m */ = {isa = PBXFileReference; fileEncoding = 4; lastKnownFileType = sourcecode.c.objc; lineEnding = 0; path = Day.m; sourceTree = "<group>"; xcLanguageSpecificationIdentifier = xcode.lang.objc; };
		E6051FEB14CF70E8009D8EE9 /* OpportunitySearchController.h */ = {isa = PBXFileReference; fileEncoding = 4; lastKnownFileType = sourcecode.c.h; path = OpportunitySearchController.h; sourceTree = "<group>"; };
		E6051FEC14CF70E8009D8EE9 /* OpportunitySearchController.m */ = {isa = PBXFileReference; fileEncoding = 4; lastKnownFileType = sourcecode.c.objc; path = OpportunitySearchController.m; sourceTree = "<group>"; };
		E6051FED14CF70E8009D8EE9 /* OpportunitySearchController.xib */ = {isa = PBXFileReference; fileEncoding = 4; lastKnownFileType = file.xib; path = OpportunitySearchController.xib; sourceTree = "<group>"; };
		E60CBF8C14BCBAB600EB7A71 /* AllEventsViewController.h */ = {isa = PBXFileReference; fileEncoding = 4; lastKnownFileType = sourcecode.c.h; lineEnding = 0; path = AllEventsViewController.h; sourceTree = "<group>"; xcLanguageSpecificationIdentifier = xcode.lang.objcpp; };
		E60CBF8D14BCBAB600EB7A71 /* AllEventsViewController.m */ = {isa = PBXFileReference; fileEncoding = 4; lastKnownFileType = sourcecode.c.objc; lineEnding = 0; path = AllEventsViewController.m; sourceTree = "<group>"; xcLanguageSpecificationIdentifier = xcode.lang.objc; };
		E60CBF9214BCCFDD00EB7A71 /* AllEventsViewController.xib */ = {isa = PBXFileReference; fileEncoding = 4; lastKnownFileType = file.xib; path = AllEventsViewController.xib; sourceTree = "<group>"; };
		E625BD6114D00DDE00027680 /* AccountDetailViewController.h */ = {isa = PBXFileReference; fileEncoding = 4; lastKnownFileType = sourcecode.c.h; path = AccountDetailViewController.h; sourceTree = "<group>"; };
		E625BD6214D00DDE00027680 /* AccountDetailViewController.m */ = {isa = PBXFileReference; fileEncoding = 4; lastKnownFileType = sourcecode.c.objc; path = AccountDetailViewController.m; sourceTree = "<group>"; };
		E625BD6314D00DDE00027680 /* AccountDetailViewController.xib */ = {isa = PBXFileReference; fileEncoding = 4; lastKnownFileType = file.xib; path = AccountDetailViewController.xib; sourceTree = "<group>"; };
		E625BD6C14D15D8400027680 /* SettingsViewController.h */ = {isa = PBXFileReference; fileEncoding = 4; lastKnownFileType = sourcecode.c.h; path = SettingsViewController.h; sourceTree = "<group>"; };
		E625BD6D14D15D8500027680 /* SettingsViewController.m */ = {isa = PBXFileReference; fileEncoding = 4; lastKnownFileType = sourcecode.c.objc; path = SettingsViewController.m; sourceTree = "<group>"; };
		E625BD6E14D15D8600027680 /* SettingsViewController.xib */ = {isa = PBXFileReference; fileEncoding = 4; lastKnownFileType = file.xib; path = SettingsViewController.xib; sourceTree = "<group>"; };
		E650270414D85CCC00CA563C /* Entitlements.plist */ = {isa = PBXFileReference; lastKnownFileType = text.plist; path = Entitlements.plist; sourceTree = "<group>"; };
		E66A312214B1F13100345C9F /* button_cancel20x20.png */ = {isa = PBXFileReference; lastKnownFileType = image.png; path = button_cancel20x20.png; sourceTree = "<group>"; };
		E66A312314B1F13100345C9F /* Ok20x20.png */ = {isa = PBXFileReference; lastKnownFileType = image.png; path = Ok20x20.png; sourceTree = "<group>"; };
		E66A312414B1F13100345C9F /* OkGray20x20.png */ = {isa = PBXFileReference; lastKnownFileType = image.png; path = OkGray20x20.png; sourceTree = "<group>"; };
		E66A312914B1F53300345C9F /* Icon-72.png */ = {isa = PBXFileReference; lastKnownFileType = image.png; path = "Icon-72.png"; sourceTree = "<group>"; };
		E66A312A14B1F53300345C9F /* Icon-Small-50.png */ = {isa = PBXFileReference; lastKnownFileType = image.png; path = "Icon-Small-50.png"; sourceTree = "<group>"; };
		E66ADB0914A29A750015D074 /* TypeSelectController.h */ = {isa = PBXFileReference; fileEncoding = 4; lastKnownFileType = sourcecode.c.h; lineEnding = 0; path = TypeSelectController.h; sourceTree = "<group>"; xcLanguageSpecificationIdentifier = xcode.lang.objcpp; };
		E66ADB0A14A29A750015D074 /* TypeSelectController.m */ = {isa = PBXFileReference; fileEncoding = 4; lastKnownFileType = sourcecode.c.objc; lineEnding = 0; path = TypeSelectController.m; sourceTree = "<group>"; xcLanguageSpecificationIdentifier = xcode.lang.objc; };
		E66ADB0B14A29A750015D074 /* TypeSelectController.xib */ = {isa = PBXFileReference; fileEncoding = 4; lastKnownFileType = file.xib; path = TypeSelectController.xib; sourceTree = "<group>"; };
		E66B0B7C1472FD1D00BBA686 /* iPad Activity Tracker.app */ = {isa = PBXFileReference; explicitFileType = wrapper.application; includeInIndex = 0; path = "iPad Activity Tracker.app"; sourceTree = BUILT_PRODUCTS_DIR; };
		E66B0B801472FD1D00BBA686 /* UIKit.framework */ = {isa = PBXFileReference; lastKnownFileType = wrapper.framework; name = UIKit.framework; path = System/Library/Frameworks/UIKit.framework; sourceTree = SDKROOT; };
		E66B0B821472FD1D00BBA686 /* Foundation.framework */ = {isa = PBXFileReference; lastKnownFileType = wrapper.framework; name = Foundation.framework; path = System/Library/Frameworks/Foundation.framework; sourceTree = SDKROOT; };
		E66B0B841472FD1D00BBA686 /* CoreGraphics.framework */ = {isa = PBXFileReference; lastKnownFileType = wrapper.framework; name = CoreGraphics.framework; path = System/Library/Frameworks/CoreGraphics.framework; sourceTree = SDKROOT; };
		E66B0B881472FD1D00BBA686 /* iPad Activity Tracker-Info.plist */ = {isa = PBXFileReference; lastKnownFileType = text.plist.xml; path = "iPad Activity Tracker-Info.plist"; sourceTree = "<group>"; };
		E66B0B8A1472FD1D00BBA686 /* en */ = {isa = PBXFileReference; lastKnownFileType = text.plist.strings; name = en; path = en.lproj/InfoPlist.strings; sourceTree = "<group>"; };
		E66B0B8C1472FD1D00BBA686 /* main.m */ = {isa = PBXFileReference; lastKnownFileType = sourcecode.c.objc; lineEnding = 0; path = main.m; sourceTree = "<group>"; xcLanguageSpecificationIdentifier = xcode.lang.objc; };
		E66B0B8E1472FD1D00BBA686 /* iPad Activity Tracker-Prefix.pch */ = {isa = PBXFileReference; lastKnownFileType = sourcecode.c.h; path = "iPad Activity Tracker-Prefix.pch"; sourceTree = "<group>"; };
		E66B0B8F1472FD1D00BBA686 /* AppDelegate.h */ = {isa = PBXFileReference; lastKnownFileType = sourcecode.c.h; lineEnding = 0; path = AppDelegate.h; sourceTree = "<group>"; xcLanguageSpecificationIdentifier = xcode.lang.objcpp; };
		E66B0B901472FD1D00BBA686 /* AppDelegate.m */ = {isa = PBXFileReference; lastKnownFileType = sourcecode.c.objc; lineEnding = 0; path = AppDelegate.m; sourceTree = "<group>"; xcLanguageSpecificationIdentifier = xcode.lang.objc; };
		E66B0C27147300C000BBA686 /* LoginView.h */ = {isa = PBXFileReference; fileEncoding = 4; lastKnownFileType = sourcecode.c.h; lineEnding = 0; path = LoginView.h; sourceTree = "<group>"; xcLanguageSpecificationIdentifier = xcode.lang.objcpp; };
		E66B0C28147300C000BBA686 /* LoginView.m */ = {isa = PBXFileReference; fileEncoding = 4; lastKnownFileType = sourcecode.c.objc; lineEnding = 0; path = LoginView.m; sourceTree = "<group>"; xcLanguageSpecificationIdentifier = xcode.lang.objc; };
		E66B0C29147300C000BBA686 /* LoginView.xib */ = {isa = PBXFileReference; fileEncoding = 4; lastKnownFileType = file.xib; path = LoginView.xib; sourceTree = "<group>"; };
		E672A9AB14BDCCA60091FA32 /* ATEvent.h */ = {isa = PBXFileReference; fileEncoding = 4; lastKnownFileType = sourcecode.c.h; lineEnding = 0; path = ATEvent.h; sourceTree = "<group>"; xcLanguageSpecificationIdentifier = xcode.lang.objcpp; };
		E672A9AC14BDCCA60091FA32 /* ATEvent.m */ = {isa = PBXFileReference; fileEncoding = 4; lastKnownFileType = sourcecode.c.objc; lineEnding = 0; path = ATEvent.m; sourceTree = "<group>"; xcLanguageSpecificationIdentifier = xcode.lang.objc; };
		E676352E14CF57B9001B83F6 /* OpportunityDetailViewController.h */ = {isa = PBXFileReference; fileEncoding = 4; lastKnownFileType = sourcecode.c.h; path = OpportunityDetailViewController.h; sourceTree = "<group>"; };
		E676352F14CF57B9001B83F6 /* OpportunityDetailViewController.m */ = {isa = PBXFileReference; fileEncoding = 4; lastKnownFileType = sourcecode.c.objc; path = OpportunityDetailViewController.m; sourceTree = "<group>"; };
		E676353014CF57B9001B83F6 /* OpportunityDetailViewController.xib */ = {isa = PBXFileReference; fileEncoding = 4; lastKnownFileType = file.xib; path = OpportunityDetailViewController.xib; sourceTree = "<group>"; };
		E679952714D1D1D900E76759 /* preferences.png */ = {isa = PBXFileReference; lastKnownFileType = image.png; path = preferences.png; sourceTree = "<group>"; };
		E679952A14D1D23300E76759 /* magnifyingglass.png */ = {isa = PBXFileReference; lastKnownFileType = image.png; path = magnifyingglass.png; sourceTree = "<group>"; };
		E679952C14D1D27200E76759 /* database.png */ = {isa = PBXFileReference; lastKnownFileType = image.png; path = database.png; sourceTree = "<group>"; };
		E67A7ACF149F58DA00C9164A /* datePicker16.gif */ = {isa = PBXFileReference; lastKnownFileType = image.gif; path = datePicker16.gif; sourceTree = "<group>"; };
		E67A7ADF14A13F2D00C9164A /* zkAuthentication.h */ = {isa = PBXFileReference; fileEncoding = 4; lastKnownFileType = sourcecode.c.h; path = zkAuthentication.h; sourceTree = "<group>"; };
		E67A7AE014A13F2D00C9164A /* zkAuthentication.m */ = {isa = PBXFileReference; fileEncoding = 4; lastKnownFileType = sourcecode.c.objc; path = zkAuthentication.m; sourceTree = "<group>"; };
		E67A7AE114A13F2D00C9164A /* zkBaseClient.h */ = {isa = PBXFileReference; fileEncoding = 4; lastKnownFileType = sourcecode.c.h; path = zkBaseClient.h; sourceTree = "<group>"; };
		E67A7AE214A13F2D00C9164A /* zkBaseClient.m */ = {isa = PBXFileReference; fileEncoding = 4; lastKnownFileType = sourcecode.c.objc; path = zkBaseClient.m; sourceTree = "<group>"; };
		E67A7AE314A13F2D00C9164A /* zkChildRelationship.h */ = {isa = PBXFileReference; fileEncoding = 4; lastKnownFileType = sourcecode.c.h; path = zkChildRelationship.h; sourceTree = "<group>"; };
		E67A7AE414A13F2D00C9164A /* zkChildRelationship.m */ = {isa = PBXFileReference; fileEncoding = 4; lastKnownFileType = sourcecode.c.objc; path = zkChildRelationship.m; sourceTree = "<group>"; };
		E67A7AE514A13F2D00C9164A /* zkDescribeField.h */ = {isa = PBXFileReference; fileEncoding = 4; lastKnownFileType = sourcecode.c.h; path = zkDescribeField.h; sourceTree = "<group>"; };
		E67A7AE614A13F2D00C9164A /* zkDescribeField.m */ = {isa = PBXFileReference; fileEncoding = 4; lastKnownFileType = sourcecode.c.objc; path = zkDescribeField.m; sourceTree = "<group>"; };
		E67A7AE714A13F2D00C9164A /* zkDescribeGlobalSObject.h */ = {isa = PBXFileReference; fileEncoding = 4; lastKnownFileType = sourcecode.c.h; path = zkDescribeGlobalSObject.h; sourceTree = "<group>"; };
		E67A7AE814A13F2D00C9164A /* zkDescribeGlobalSObject.m */ = {isa = PBXFileReference; fileEncoding = 4; lastKnownFileType = sourcecode.c.objc; path = zkDescribeGlobalSObject.m; sourceTree = "<group>"; };
		E67A7AE914A13F2D00C9164A /* ZKDescribeLayout.h */ = {isa = PBXFileReference; fileEncoding = 4; lastKnownFileType = sourcecode.c.h; path = ZKDescribeLayout.h; sourceTree = "<group>"; };
		E67A7AEA14A13F2D00C9164A /* ZKDescribeLayout.m */ = {isa = PBXFileReference; fileEncoding = 4; lastKnownFileType = sourcecode.c.objc; path = ZKDescribeLayout.m; sourceTree = "<group>"; };
		E67A7AEB14A13F2D00C9164A /* ZKDescribeLayoutButton.h */ = {isa = PBXFileReference; fileEncoding = 4; lastKnownFileType = sourcecode.c.h; path = ZKDescribeLayoutButton.h; sourceTree = "<group>"; };
		E67A7AEC14A13F2D00C9164A /* ZKDescribeLayoutButton.m */ = {isa = PBXFileReference; fileEncoding = 4; lastKnownFileType = sourcecode.c.objc; path = ZKDescribeLayoutButton.m; sourceTree = "<group>"; };
		E67A7AED14A13F2D00C9164A /* ZKDescribeLayoutButtonSection.h */ = {isa = PBXFileReference; fileEncoding = 4; lastKnownFileType = sourcecode.c.h; path = ZKDescribeLayoutButtonSection.h; sourceTree = "<group>"; };
		E67A7AEE14A13F2D00C9164A /* ZKDescribeLayoutButtonSection.m */ = {isa = PBXFileReference; fileEncoding = 4; lastKnownFileType = sourcecode.c.objc; path = ZKDescribeLayoutButtonSection.m; sourceTree = "<group>"; };
		E67A7AEF14A13F2D00C9164A /* ZKDescribeLayoutComponent.h */ = {isa = PBXFileReference; fileEncoding = 4; lastKnownFileType = sourcecode.c.h; path = ZKDescribeLayoutComponent.h; sourceTree = "<group>"; };
		E67A7AF014A13F2D00C9164A /* ZKDescribeLayoutComponent.m */ = {isa = PBXFileReference; fileEncoding = 4; lastKnownFileType = sourcecode.c.objc; path = ZKDescribeLayoutComponent.m; sourceTree = "<group>"; };
		E67A7AF114A13F2D00C9164A /* ZKDescribeLayoutItem.h */ = {isa = PBXFileReference; fileEncoding = 4; lastKnownFileType = sourcecode.c.h; path = ZKDescribeLayoutItem.h; sourceTree = "<group>"; };
		E67A7AF214A13F2D00C9164A /* ZKDescribeLayoutItem.m */ = {isa = PBXFileReference; fileEncoding = 4; lastKnownFileType = sourcecode.c.objc; path = ZKDescribeLayoutItem.m; sourceTree = "<group>"; };
		E67A7AF314A13F2D00C9164A /* ZKDescribeLayoutResult.h */ = {isa = PBXFileReference; fileEncoding = 4; lastKnownFileType = sourcecode.c.h; path = ZKDescribeLayoutResult.h; sourceTree = "<group>"; };
		E67A7AF414A13F2D00C9164A /* ZKDescribeLayoutResult.m */ = {isa = PBXFileReference; fileEncoding = 4; lastKnownFileType = sourcecode.c.objc; path = ZKDescribeLayoutResult.m; sourceTree = "<group>"; };
		E67A7AF514A13F2D00C9164A /* ZKDescribeLayoutRow.h */ = {isa = PBXFileReference; fileEncoding = 4; lastKnownFileType = sourcecode.c.h; path = ZKDescribeLayoutRow.h; sourceTree = "<group>"; };
		E67A7AF614A13F2D00C9164A /* ZKDescribeLayoutRow.m */ = {isa = PBXFileReference; fileEncoding = 4; lastKnownFileType = sourcecode.c.objc; path = ZKDescribeLayoutRow.m; sourceTree = "<group>"; };
		E67A7AF714A13F2D00C9164A /* ZKDescribeLayoutSection.h */ = {isa = PBXFileReference; fileEncoding = 4; lastKnownFileType = sourcecode.c.h; path = ZKDescribeLayoutSection.h; sourceTree = "<group>"; };
		E67A7AF814A13F2D00C9164A /* ZKDescribeLayoutSection.m */ = {isa = PBXFileReference; fileEncoding = 4; lastKnownFileType = sourcecode.c.objc; path = ZKDescribeLayoutSection.m; sourceTree = "<group>"; };
		E67A7AF914A13F2D00C9164A /* zkDescribeSObject.h */ = {isa = PBXFileReference; fileEncoding = 4; lastKnownFileType = sourcecode.c.h; path = zkDescribeSObject.h; sourceTree = "<group>"; };
		E67A7AFA14A13F2D00C9164A /* zkDescribeSObject.m */ = {isa = PBXFileReference; fileEncoding = 4; lastKnownFileType = sourcecode.c.objc; path = zkDescribeSObject.m; sourceTree = "<group>"; };
		E67A7AFB14A13F2D00C9164A /* ZKDescribeTab.h */ = {isa = PBXFileReference; fileEncoding = 4; lastKnownFileType = sourcecode.c.h; path = ZKDescribeTab.h; sourceTree = "<group>"; };
		E67A7AFC14A13F2D00C9164A /* ZKDescribeTab.m */ = {isa = PBXFileReference; fileEncoding = 4; lastKnownFileType = sourcecode.c.objc; path = ZKDescribeTab.m; sourceTree = "<group>"; };
		E67A7AFD14A13F2D00C9164A /* ZKDescribeTabSetResult.h */ = {isa = PBXFileReference; fileEncoding = 4; lastKnownFileType = sourcecode.c.h; path = ZKDescribeTabSetResult.h; sourceTree = "<group>"; };
		E67A7AFE14A13F2D00C9164A /* ZKDescribeTabSetResult.m */ = {isa = PBXFileReference; fileEncoding = 4; lastKnownFileType = sourcecode.c.objc; path = ZKDescribeTabSetResult.m; sourceTree = "<group>"; };
		E67A7AFF14A13F2D00C9164A /* zkEnvelope.h */ = {isa = PBXFileReference; fileEncoding = 4; lastKnownFileType = sourcecode.c.h; path = zkEnvelope.h; sourceTree = "<group>"; };
		E67A7B0014A13F2D00C9164A /* zkEnvelope.m */ = {isa = PBXFileReference; fileEncoding = 4; lastKnownFileType = sourcecode.c.objc; path = zkEnvelope.m; sourceTree = "<group>"; };
		E67A7B0114A13F2D00C9164A /* zkLoginResult.h */ = {isa = PBXFileReference; fileEncoding = 4; lastKnownFileType = sourcecode.c.h; path = zkLoginResult.h; sourceTree = "<group>"; };
		E67A7B0214A13F2D00C9164A /* zkLoginResult.m */ = {isa = PBXFileReference; fileEncoding = 4; lastKnownFileType = sourcecode.c.objc; path = zkLoginResult.m; sourceTree = "<group>"; };
		E67A7B0314A13F2D00C9164A /* zkParser.h */ = {isa = PBXFileReference; fileEncoding = 4; lastKnownFileType = sourcecode.c.h; path = zkParser.h; sourceTree = "<group>"; };
		E67A7B0414A13F2D00C9164A /* zkParser.m */ = {isa = PBXFileReference; fileEncoding = 4; lastKnownFileType = sourcecode.c.objc; path = zkParser.m; sourceTree = "<group>"; };
		E67A7B0514A13F2D00C9164A /* ZKPartnerEnvelope.h */ = {isa = PBXFileReference; fileEncoding = 4; lastKnownFileType = sourcecode.c.h; path = ZKPartnerEnvelope.h; sourceTree = "<group>"; };
		E67A7B0614A13F2D00C9164A /* ZKPartnerEnvelope.m */ = {isa = PBXFileReference; fileEncoding = 4; lastKnownFileType = sourcecode.c.objc; path = ZKPartnerEnvelope.m; sourceTree = "<group>"; };
		E67A7B0714A13F2D00C9164A /* ZKPicklistEntry.h */ = {isa = PBXFileReference; fileEncoding = 4; lastKnownFileType = sourcecode.c.h; path = ZKPicklistEntry.h; sourceTree = "<group>"; };
		E67A7B0814A13F2D00C9164A /* ZKPicklistEntry.m */ = {isa = PBXFileReference; fileEncoding = 4; lastKnownFileType = sourcecode.c.objc; path = ZKPicklistEntry.m; sourceTree = "<group>"; };
		E67A7B0914A13F2D00C9164A /* ZKPicklistForRecordType.h */ = {isa = PBXFileReference; fileEncoding = 4; lastKnownFileType = sourcecode.c.h; path = ZKPicklistForRecordType.h; sourceTree = "<group>"; };
		E67A7B0A14A13F2D00C9164A /* ZKPicklistForRecordType.m */ = {isa = PBXFileReference; fileEncoding = 4; lastKnownFileType = sourcecode.c.objc; path = ZKPicklistForRecordType.m; sourceTree = "<group>"; };
		E67A7B0B14A13F2D00C9164A /* zkQueryResult+NSTableView.h */ = {isa = PBXFileReference; fileEncoding = 4; lastKnownFileType = sourcecode.c.h; path = "zkQueryResult+NSTableView.h"; sourceTree = "<group>"; };
		E67A7B0C14A13F2D00C9164A /* zkQueryResult+NSTableView.m */ = {isa = PBXFileReference; fileEncoding = 4; lastKnownFileType = sourcecode.c.objc; path = "zkQueryResult+NSTableView.m"; sourceTree = "<group>"; };
		E67A7B0D14A13F2D00C9164A /* zkQueryResult.h */ = {isa = PBXFileReference; fileEncoding = 4; lastKnownFileType = sourcecode.c.h; path = zkQueryResult.h; sourceTree = "<group>"; };
		E67A7B0E14A13F2D00C9164A /* zkQueryResult.m */ = {isa = PBXFileReference; fileEncoding = 4; lastKnownFileType = sourcecode.c.objc; path = zkQueryResult.m; sourceTree = "<group>"; };
		E67A7B0F14A13F2D00C9164A /* ZKRecordTypeInfo.h */ = {isa = PBXFileReference; fileEncoding = 4; lastKnownFileType = sourcecode.c.h; path = ZKRecordTypeInfo.h; sourceTree = "<group>"; };
		E67A7B1014A13F2D00C9164A /* ZKRecordTypeInfo.m */ = {isa = PBXFileReference; fileEncoding = 4; lastKnownFileType = sourcecode.c.objc; path = ZKRecordTypeInfo.m; sourceTree = "<group>"; };
		E67A7B1114A13F2D00C9164A /* ZKRecordTypeMapping.h */ = {isa = PBXFileReference; fileEncoding = 4; lastKnownFileType = sourcecode.c.h; path = ZKRecordTypeMapping.h; sourceTree = "<group>"; };
		E67A7B1214A13F2D00C9164A /* ZKRecordTypeMapping.m */ = {isa = PBXFileReference; fileEncoding = 4; lastKnownFileType = sourcecode.c.objc; path = ZKRecordTypeMapping.m; sourceTree = "<group>"; };
		E67A7B1314A13F2D00C9164A /* ZKRelatedList.h */ = {isa = PBXFileReference; fileEncoding = 4; lastKnownFileType = sourcecode.c.h; path = ZKRelatedList.h; sourceTree = "<group>"; };
		E67A7B1414A13F2D00C9164A /* ZKRelatedList.m */ = {isa = PBXFileReference; fileEncoding = 4; lastKnownFileType = sourcecode.c.objc; path = ZKRelatedList.m; sourceTree = "<group>"; };
		E67A7B1514A13F2D00C9164A /* ZKRelatedListColumn.h */ = {isa = PBXFileReference; fileEncoding = 4; lastKnownFileType = sourcecode.c.h; path = ZKRelatedListColumn.h; sourceTree = "<group>"; };
		E67A7B1614A13F2D00C9164A /* ZKRelatedListColumn.m */ = {isa = PBXFileReference; fileEncoding = 4; lastKnownFileType = sourcecode.c.objc; path = ZKRelatedListColumn.m; sourceTree = "<group>"; };
		E67A7B1714A13F2D00C9164A /* ZKRelatedListSort.h */ = {isa = PBXFileReference; fileEncoding = 4; lastKnownFileType = sourcecode.c.h; path = ZKRelatedListSort.h; sourceTree = "<group>"; };
		E67A7B1814A13F2D00C9164A /* ZKRelatedListSort.m */ = {isa = PBXFileReference; fileEncoding = 4; lastKnownFileType = sourcecode.c.objc; path = ZKRelatedListSort.m; sourceTree = "<group>"; };
		E67A7B1914A13F2D00C9164A /* zkSaveResult.h */ = {isa = PBXFileReference; fileEncoding = 4; lastKnownFileType = sourcecode.c.h; path = zkSaveResult.h; sourceTree = "<group>"; };
		E67A7B1A14A13F2D00C9164A /* zkSaveResult.m */ = {isa = PBXFileReference; fileEncoding = 4; lastKnownFileType = sourcecode.c.objc; path = zkSaveResult.m; sourceTree = "<group>"; };
		E67A7B1B14A13F2D00C9164A /* zkSforce.h */ = {isa = PBXFileReference; fileEncoding = 4; lastKnownFileType = sourcecode.c.h; path = zkSforce.h; sourceTree = "<group>"; };
		E67A7B1C14A13F2D00C9164A /* zkSforceClient+zkAsyncQuery.h */ = {isa = PBXFileReference; fileEncoding = 4; lastKnownFileType = sourcecode.c.h; path = "zkSforceClient+zkAsyncQuery.h"; sourceTree = "<group>"; };
		E67A7B1D14A13F2D00C9164A /* zkSforceClient+zkAsyncQuery.m */ = {isa = PBXFileReference; fileEncoding = 4; lastKnownFileType = sourcecode.c.objc; path = "zkSforceClient+zkAsyncQuery.m"; sourceTree = "<group>"; };
		E67A7B1E14A13F2D00C9164A /* zkSforceClient.h */ = {isa = PBXFileReference; fileEncoding = 4; lastKnownFileType = sourcecode.c.h; path = zkSforceClient.h; sourceTree = "<group>"; };
		E67A7B1F14A13F2D00C9164A /* zkSforceClient.m */ = {isa = PBXFileReference; fileEncoding = 4; lastKnownFileType = sourcecode.c.objc; path = zkSforceClient.m; sourceTree = "<group>"; };
		E67A7B2014A13F2D00C9164A /* zkSoapException.h */ = {isa = PBXFileReference; fileEncoding = 4; lastKnownFileType = sourcecode.c.h; path = zkSoapException.h; sourceTree = "<group>"; };
		E67A7B2114A13F2D00C9164A /* zkSoapException.m */ = {isa = PBXFileReference; fileEncoding = 4; lastKnownFileType = sourcecode.c.objc; path = zkSoapException.m; sourceTree = "<group>"; };
		E67A7B2214A13F2D00C9164A /* zkSObject.h */ = {isa = PBXFileReference; fileEncoding = 4; lastKnownFileType = sourcecode.c.h; path = zkSObject.h; sourceTree = "<group>"; };
		E67A7B2314A13F2D00C9164A /* zkSObject.m */ = {isa = PBXFileReference; fileEncoding = 4; lastKnownFileType = sourcecode.c.objc; path = zkSObject.m; sourceTree = "<group>"; };
		E67A7B2414A13F2D00C9164A /* zkUserInfo.h */ = {isa = PBXFileReference; fileEncoding = 4; lastKnownFileType = sourcecode.c.h; path = zkUserInfo.h; sourceTree = "<group>"; };
		E67A7B2514A13F2D00C9164A /* zkUserInfo.m */ = {isa = PBXFileReference; fileEncoding = 4; lastKnownFileType = sourcecode.c.objc; path = zkUserInfo.m; sourceTree = "<group>"; };
		E67A7B2614A13F2D00C9164A /* zkXmlDeserializer.h */ = {isa = PBXFileReference; fileEncoding = 4; lastKnownFileType = sourcecode.c.h; path = zkXmlDeserializer.h; sourceTree = "<group>"; };
		E67A7B2714A13F2D00C9164A /* zkXmlDeserializer.m */ = {isa = PBXFileReference; fileEncoding = 4; lastKnownFileType = sourcecode.c.objc; path = zkXmlDeserializer.m; sourceTree = "<group>"; };
		E67A7B6D14A228C100C9164A /* linenBG.png */ = {isa = PBXFileReference; lastKnownFileType = image.png; path = linenBG.png; sourceTree = "<group>"; };
		E67A7B6F14A22F8200C9164A /* SFDC.h */ = {isa = PBXFileReference; fileEncoding = 4; lastKnownFileType = sourcecode.c.h; lineEnding = 0; path = SFDC.h; sourceTree = "<group>"; xcLanguageSpecificationIdentifier = xcode.lang.objcpp; };
		E67A7B7014A22F8200C9164A /* SFDC.m */ = {isa = PBXFileReference; fileEncoding = 4; lastKnownFileType = sourcecode.c.objc; lineEnding = 0; path = SFDC.m; sourceTree = "<group>"; xcLanguageSpecificationIdentifier = xcode.lang.objc; };
		E67A7B7314A23A4700C9164A /* NSURL+Additions.h */ = {isa = PBXFileReference; fileEncoding = 4; lastKnownFileType = sourcecode.c.h; path = "NSURL+Additions.h"; sourceTree = "<group>"; };
		E67A7B7414A23A4700C9164A /* NSURL+Additions.m */ = {isa = PBXFileReference; fileEncoding = 4; lastKnownFileType = sourcecode.c.objc; path = "NSURL+Additions.m"; sourceTree = "<group>"; };
		E67A7B7614A23DEE00C9164A /* SimpleKeychain.h */ = {isa = PBXFileReference; fileEncoding = 4; lastKnownFileType = sourcecode.c.h; path = SimpleKeychain.h; sourceTree = "<group>"; };
		E67A7B7714A23DEE00C9164A /* SimpleKeychain.m */ = {isa = PBXFileReference; fileEncoding = 4; lastKnownFileType = sourcecode.c.objc; path = SimpleKeychain.m; sourceTree = "<group>"; };
		E6BB1E8814A2445E000C0F07 /* Security.framework */ = {isa = PBXFileReference; lastKnownFileType = wrapper.framework; name = Security.framework; path = System/Library/Frameworks/Security.framework; sourceTree = SDKROOT; };
		E6D5A9E5149E300A0084DA2B /* EventKit.framework */ = {isa = PBXFileReference; lastKnownFileType = wrapper.framework; name = EventKit.framework; path = System/Library/Frameworks/EventKit.framework; sourceTree = SDKROOT; };
		E6D99C0514CF08A300016F44 /* Calendar.png */ = {isa = PBXFileReference; lastKnownFileType = image.png; path = Calendar.png; sourceTree = "<group>"; };
		E6D99C0814CF0C9A00016F44 /* google-calendar-icon32x32.png */ = {isa = PBXFileReference; lastKnownFileType = image.png; path = "google-calendar-icon32x32.png"; sourceTree = "<group>"; };
		E6D99C0A14CF0F0000016F44 /* SFDCLogo2-small.jpg */ = {isa = PBXFileReference; lastKnownFileType = image.jpeg; path = "SFDCLogo2-small.jpg"; sourceTree = "<group>"; };
		E6D99C0C14CF125600016F44 /* Calendar16.png */ = {isa = PBXFileReference; lastKnownFileType = image.png; path = Calendar16.png; sourceTree = "<group>"; };
		E6D99C0E14CF14FF00016F44 /* datePicker16ok.gif */ = {isa = PBXFileReference; lastKnownFileType = image.gif; path = datePicker16ok.gif; sourceTree = "<group>"; };
		E6D99C1014CF160F00016F44 /* datePicker16halfok.gif */ = {isa = PBXFileReference; lastKnownFileType = image.gif; path = datePicker16halfok.gif; sourceTree = "<group>"; };
		E6D99C1214CF1AB300016F44 /* help.html */ = {isa = PBXFileReference; fileEncoding = 4; lastKnownFileType = text.html; path = help.html; sourceTree = "<group>"; };
		E6DB09DB14CB236100D1FDB4 /* EventDetailViewController.h */ = {isa = PBXFileReference; fileEncoding = 4; lastKnownFileType = sourcecode.c.h; lineEnding = 0; path = EventDetailViewController.h; sourceTree = "<group>"; xcLanguageSpecificationIdentifier = xcode.lang.objcpp; };
		E6DB09E014CB240900D1FDB4 /* EventDetailViewController.m */ = {isa = PBXFileReference; fileEncoding = 4; lastKnownFileType = sourcecode.c.objc; lineEnding = 0; path = EventDetailViewController.m; sourceTree = "<group>"; xcLanguageSpecificationIdentifier = xcode.lang.objc; };
		E6DB09E114CB240900D1FDB4 /* EventDetailViewController.xib */ = {isa = PBXFileReference; fileEncoding = 4; lastKnownFileType = file.xib; path = EventDetailViewController.xib; sourceTree = "<group>"; };
		E6E0DBE214A3970100A3ED77 /* OpportunitySelectController.h */ = {isa = PBXFileReference; fileEncoding = 4; lastKnownFileType = sourcecode.c.h; lineEnding = 0; path = OpportunitySelectController.h; sourceTree = "<group>"; xcLanguageSpecificationIdentifier = xcode.lang.objcpp; };
		E6E0DBE314A3970100A3ED77 /* OpportunitySelectController.m */ = {isa = PBXFileReference; fileEncoding = 4; lastKnownFileType = sourcecode.c.objc; lineEnding = 0; path = OpportunitySelectController.m; sourceTree = "<group>"; xcLanguageSpecificationIdentifier = xcode.lang.objc; };
		E6E0DBE414A3970100A3ED77 /* OpportunitySelectController.xib */ = {isa = PBXFileReference; fileEncoding = 4; lastKnownFileType = file.xib; path = OpportunitySelectController.xib; sourceTree = "<group>"; };
		E6E0DBEC14A397DE00A3ED77 /* AccountSelectController.h */ = {isa = PBXFileReference; fileEncoding = 4; lastKnownFileType = sourcecode.c.h; lineEnding = 0; path = AccountSelectController.h; sourceTree = "<group>"; xcLanguageSpecificationIdentifier = xcode.lang.objcpp; };
		E6E0DBED14A397DE00A3ED77 /* AccountSelectController.m */ = {isa = PBXFileReference; fileEncoding = 4; lastKnownFileType = sourcecode.c.objc; lineEnding = 0; path = AccountSelectController.m; sourceTree = "<group>"; xcLanguageSpecificationIdentifier = xcode.lang.objc; };
		E6E0DBEE14A397DE00A3ED77 /* AccountSelectController.xib */ = {isa = PBXFileReference; fileEncoding = 4; lastKnownFileType = file.xib; path = AccountSelectController.xib; sourceTree = "<group>"; };
		E6E0DBF114A39D7600A3ED77 /* bank.png */ = {isa = PBXFileReference; lastKnownFileType = image.png; path = bank.png; sourceTree = "<group>"; };
		E6E0DBF214A39D7600A3ED77 /* piggy.png */ = {isa = PBXFileReference; lastKnownFileType = image.png; path = piggy.png; sourceTree = "<group>"; };
		E6EF2C3814E6EF8800CB5D1E /* 83-calendar.png */ = {isa = PBXFileReference; lastKnownFileType = image.png; path = "83-calendar.png"; sourceTree = "<group>"; };
		E6EF2C3B14E8331900CB5D1E /* save.png */ = {isa = PBXFileReference; lastKnownFileType = image.png; path = save.png; sourceTree = "<group>"; };
		E6EF2C3D14E836B400CB5D1E /* 23_full_trash.png */ = {isa = PBXFileReference; lastKnownFileType = image.png; path = 23_full_trash.png; sourceTree = "<group>"; };
/* End PBXFileReference section */

/* Begin PBXFrameworksBuildPhase section */
		E66B0B791472FD1D00BBA686 /* Frameworks */ = {
			isa = PBXFrameworksBuildPhase;
			buildActionMask = 2147483647;
			files = (
				E6BB1E8914A2445E000C0F07 /* Security.framework in Frameworks */,
				E6D5A9E6149E300A0084DA2B /* EventKit.framework in Frameworks */,
				E66B0B811472FD1D00BBA686 /* UIKit.framework in Frameworks */,
				E66B0B831472FD1D00BBA686 /* Foundation.framework in Frameworks */,
				E66B0B851472FD1D00BBA686 /* CoreGraphics.framework in Frameworks */,
			);
			runOnlyForDeploymentPostprocessing = 0;
		};
/* End PBXFrameworksBuildPhase section */

/* Begin PBXGroup section */
		E60CBF9414BCD08700EB7A71 /* Utility Classes */ = {
			isa = PBXGroup;
			children = (
				E67A7B6F14A22F8200C9164A /* SFDC.h */,
				E67A7B7014A22F8200C9164A /* SFDC.m */,
				E67A7B7314A23A4700C9164A /* NSURL+Additions.h */,
				E67A7B7414A23A4700C9164A /* NSURL+Additions.m */,
				E602621D148B6F41000AEF45 /* Utils.h */,
				E602621E148B6F41000AEF45 /* Utils.m */,
				E6026220148B7107000AEF45 /* Day.h */,
				E6026221148B7107000AEF45 /* Day.m */,
				E67A7B7614A23DEE00C9164A /* SimpleKeychain.h */,
				E67A7B7714A23DEE00C9164A /* SimpleKeychain.m */,
				E672A9AB14BDCCA60091FA32 /* ATEvent.h */,
				E672A9AC14BDCCA60091FA32 /* ATEvent.m */,
			);
			name = "Utility Classes";
			sourceTree = "<group>";
		};
		E66A313014B372C100345C9F /* Images */ = {
			isa = PBXGroup;
			children = (
				E6EF2C3D14E836B400CB5D1E /* 23_full_trash.png */,
				E6EF2C3B14E8331900CB5D1E /* save.png */,
				E6EF2C3814E6EF8800CB5D1E /* 83-calendar.png */,
				E67A7B6D14A228C100C9164A /* linenBG.png */,
				E6D99C0514CF08A300016F44 /* Calendar.png */,
				E6D99C0A14CF0F0000016F44 /* SFDCLogo2-small.jpg */,
				E6D99C0814CF0C9A00016F44 /* google-calendar-icon32x32.png */,
				E67A7ACF149F58DA00C9164A /* datePicker16.gif */,
				E6D99C0E14CF14FF00016F44 /* datePicker16ok.gif */,
				E6D99C1014CF160F00016F44 /* datePicker16halfok.gif */,
				E6D99C0C14CF125600016F44 /* Calendar16.png */,
				E602621B148AAE76000AEF45 /* openactivity32.png */,
				E66A312914B1F53300345C9F /* Icon-72.png */,
				E66A312A14B1F53300345C9F /* Icon-Small-50.png */,
				E66A312214B1F13100345C9F /* button_cancel20x20.png */,
				E66A312314B1F13100345C9F /* Ok20x20.png */,
				E66A312414B1F13100345C9F /* OkGray20x20.png */,
				E679952C14D1D27200E76759 /* database.png */,
				E679952A14D1D23300E76759 /* magnifyingglass.png */,
				E6E0DBF114A39D7600A3ED77 /* bank.png */,
				E679952714D1D1D900E76759 /* preferences.png */,
				E6E0DBF214A39D7600A3ED77 /* piggy.png */,
			);
			name = Images;
			sourceTree = "<group>";
		};
		E66B0B711472FD1C00BBA686 = {
			isa = PBXGroup;
			children = (
				E650270414D85CCC00CA563C /* Entitlements.plist */,
				E67A7ADE14A13F2C00C9164A /* zkSforce */,
				E66B0B861472FD1D00BBA686 /* iPad Activity Tracker */,
				E66B0B7F1472FD1D00BBA686 /* Frameworks */,
				E66B0B7D1472FD1D00BBA686 /* Products */,
			);
			sourceTree = "<group>";
		};
		E66B0B7D1472FD1D00BBA686 /* Products */ = {
			isa = PBXGroup;
			children = (
				E66B0B7C1472FD1D00BBA686 /* iPad Activity Tracker.app */,
			);
			name = Products;
			sourceTree = "<group>";
		};
		E66B0B7F1472FD1D00BBA686 /* Frameworks */ = {
			isa = PBXGroup;
			children = (
				E6BB1E8814A2445E000C0F07 /* Security.framework */,
				E6D5A9E5149E300A0084DA2B /* EventKit.framework */,
				E66B0B801472FD1D00BBA686 /* UIKit.framework */,
				E66B0B821472FD1D00BBA686 /* Foundation.framework */,
				E66B0B841472FD1D00BBA686 /* CoreGraphics.framework */,
			);
			name = Frameworks;
			sourceTree = "<group>";
		};
		E66B0B861472FD1D00BBA686 /* iPad Activity Tracker */ = {
			isa = PBXGroup;
			children = (
				E60CBF8C14BCBAB600EB7A71 /* AllEventsViewController.h */,
				E60CBF8D14BCBAB600EB7A71 /* AllEventsViewController.m */,
				E60CBF9214BCCFDD00EB7A71 /* AllEventsViewController.xib */,
				E6DB09DB14CB236100D1FDB4 /* EventDetailViewController.h */,
				E6DB09E014CB240900D1FDB4 /* EventDetailViewController.m */,
				E6DB09E114CB240900D1FDB4 /* EventDetailViewController.xib */,
				E66B0B8F1472FD1D00BBA686 /* AppDelegate.h */,
				E66B0B901472FD1D00BBA686 /* AppDelegate.m */,
				E66B0C27147300C000BBA686 /* LoginView.h */,
				E66B0C28147300C000BBA686 /* LoginView.m */,
				E66B0C29147300C000BBA686 /* LoginView.xib */,
				E6E0DBE214A3970100A3ED77 /* OpportunitySelectController.h */,
				E6E0DBE314A3970100A3ED77 /* OpportunitySelectController.m */,
				E6E0DBE414A3970100A3ED77 /* OpportunitySelectController.xib */,
				E6051FEB14CF70E8009D8EE9 /* OpportunitySearchController.h */,
				E6051FEC14CF70E8009D8EE9 /* OpportunitySearchController.m */,
				E6051FED14CF70E8009D8EE9 /* OpportunitySearchController.xib */,
				E676352E14CF57B9001B83F6 /* OpportunityDetailViewController.h */,
				E676352F14CF57B9001B83F6 /* OpportunityDetailViewController.m */,
				E676353014CF57B9001B83F6 /* OpportunityDetailViewController.xib */,
				E6E0DBEC14A397DE00A3ED77 /* AccountSelectController.h */,
				E6E0DBED14A397DE00A3ED77 /* AccountSelectController.m */,
				E6E0DBEE14A397DE00A3ED77 /* AccountSelectController.xib */,
				E625BD6114D00DDE00027680 /* AccountDetailViewController.h */,
				E625BD6214D00DDE00027680 /* AccountDetailViewController.m */,
				E625BD6314D00DDE00027680 /* AccountDetailViewController.xib */,
				E66ADB0914A29A750015D074 /* TypeSelectController.h */,
				E66ADB0A14A29A750015D074 /* TypeSelectController.m */,
				E66ADB0B14A29A750015D074 /* TypeSelectController.xib */,
				E625BD6C14D15D8400027680 /* SettingsViewController.h */,
				E625BD6D14D15D8500027680 /* SettingsViewController.m */,
				E625BD6E14D15D8600027680 /* SettingsViewController.xib */,
				E60CBF9414BCD08700EB7A71 /* Utility Classes */,
				E66A313014B372C100345C9F /* Images */,
				E66B0B871472FD1D00BBA686 /* Supporting Files */,
				E6D99C1214CF1AB300016F44 /* help.html */,
			);
			path = "iPad Activity Tracker";
			sourceTree = "<group>";
		};
		E66B0B871472FD1D00BBA686 /* Supporting Files */ = {
			isa = PBXGroup;
			children = (
				E66B0B881472FD1D00BBA686 /* iPad Activity Tracker-Info.plist */,
				E66B0B891472FD1D00BBA686 /* InfoPlist.strings */,
				E66B0B8C1472FD1D00BBA686 /* main.m */,
				E66B0B8E1472FD1D00BBA686 /* iPad Activity Tracker-Prefix.pch */,
			);
			name = "Supporting Files";
			sourceTree = "<group>";
		};
		E67A7ADE14A13F2C00C9164A /* zkSforce */ = {
			isa = PBXGroup;
			children = (
				E67A7ADF14A13F2D00C9164A /* zkAuthentication.h */,
				E67A7AE014A13F2D00C9164A /* zkAuthentication.m */,
				E67A7AE114A13F2D00C9164A /* zkBaseClient.h */,
				E67A7AE214A13F2D00C9164A /* zkBaseClient.m */,
				E67A7AE314A13F2D00C9164A /* zkChildRelationship.h */,
				E67A7AE414A13F2D00C9164A /* zkChildRelationship.m */,
				E67A7AE514A13F2D00C9164A /* zkDescribeField.h */,
				E67A7AE614A13F2D00C9164A /* zkDescribeField.m */,
				E67A7AE714A13F2D00C9164A /* zkDescribeGlobalSObject.h */,
				E67A7AE814A13F2D00C9164A /* zkDescribeGlobalSObject.m */,
				E67A7AE914A13F2D00C9164A /* ZKDescribeLayout.h */,
				E67A7AEA14A13F2D00C9164A /* ZKDescribeLayout.m */,
				E67A7AEB14A13F2D00C9164A /* ZKDescribeLayoutButton.h */,
				E67A7AEC14A13F2D00C9164A /* ZKDescribeLayoutButton.m */,
				E67A7AED14A13F2D00C9164A /* ZKDescribeLayoutButtonSection.h */,
				E67A7AEE14A13F2D00C9164A /* ZKDescribeLayoutButtonSection.m */,
				E67A7AEF14A13F2D00C9164A /* ZKDescribeLayoutComponent.h */,
				E67A7AF014A13F2D00C9164A /* ZKDescribeLayoutComponent.m */,
				E67A7AF114A13F2D00C9164A /* ZKDescribeLayoutItem.h */,
				E67A7AF214A13F2D00C9164A /* ZKDescribeLayoutItem.m */,
				E67A7AF314A13F2D00C9164A /* ZKDescribeLayoutResult.h */,
				E67A7AF414A13F2D00C9164A /* ZKDescribeLayoutResult.m */,
				E67A7AF514A13F2D00C9164A /* ZKDescribeLayoutRow.h */,
				E67A7AF614A13F2D00C9164A /* ZKDescribeLayoutRow.m */,
				E67A7AF714A13F2D00C9164A /* ZKDescribeLayoutSection.h */,
				E67A7AF814A13F2D00C9164A /* ZKDescribeLayoutSection.m */,
				E67A7AF914A13F2D00C9164A /* zkDescribeSObject.h */,
				E67A7AFA14A13F2D00C9164A /* zkDescribeSObject.m */,
				E67A7AFB14A13F2D00C9164A /* ZKDescribeTab.h */,
				E67A7AFC14A13F2D00C9164A /* ZKDescribeTab.m */,
				E67A7AFD14A13F2D00C9164A /* ZKDescribeTabSetResult.h */,
				E67A7AFE14A13F2D00C9164A /* ZKDescribeTabSetResult.m */,
				E67A7AFF14A13F2D00C9164A /* zkEnvelope.h */,
				E67A7B0014A13F2D00C9164A /* zkEnvelope.m */,
				E67A7B0114A13F2D00C9164A /* zkLoginResult.h */,
				E67A7B0214A13F2D00C9164A /* zkLoginResult.m */,
				E67A7B0314A13F2D00C9164A /* zkParser.h */,
				E67A7B0414A13F2D00C9164A /* zkParser.m */,
				E67A7B0514A13F2D00C9164A /* ZKPartnerEnvelope.h */,
				E67A7B0614A13F2D00C9164A /* ZKPartnerEnvelope.m */,
				E67A7B0714A13F2D00C9164A /* ZKPicklistEntry.h */,
				E67A7B0814A13F2D00C9164A /* ZKPicklistEntry.m */,
				E67A7B0914A13F2D00C9164A /* ZKPicklistForRecordType.h */,
				E67A7B0A14A13F2D00C9164A /* ZKPicklistForRecordType.m */,
				E67A7B0B14A13F2D00C9164A /* zkQueryResult+NSTableView.h */,
				E67A7B0C14A13F2D00C9164A /* zkQueryResult+NSTableView.m */,
				E67A7B0D14A13F2D00C9164A /* zkQueryResult.h */,
				E67A7B0E14A13F2D00C9164A /* zkQueryResult.m */,
				E67A7B0F14A13F2D00C9164A /* ZKRecordTypeInfo.h */,
				E67A7B1014A13F2D00C9164A /* ZKRecordTypeInfo.m */,
				E67A7B1114A13F2D00C9164A /* ZKRecordTypeMapping.h */,
				E67A7B1214A13F2D00C9164A /* ZKRecordTypeMapping.m */,
				E67A7B1314A13F2D00C9164A /* ZKRelatedList.h */,
				E67A7B1414A13F2D00C9164A /* ZKRelatedList.m */,
				E67A7B1514A13F2D00C9164A /* ZKRelatedListColumn.h */,
				E67A7B1614A13F2D00C9164A /* ZKRelatedListColumn.m */,
				E67A7B1714A13F2D00C9164A /* ZKRelatedListSort.h */,
				E67A7B1814A13F2D00C9164A /* ZKRelatedListSort.m */,
				E67A7B1914A13F2D00C9164A /* zkSaveResult.h */,
				E67A7B1A14A13F2D00C9164A /* zkSaveResult.m */,
				E67A7B1B14A13F2D00C9164A /* zkSforce.h */,
				E67A7B1C14A13F2D00C9164A /* zkSforceClient+zkAsyncQuery.h */,
				E67A7B1D14A13F2D00C9164A /* zkSforceClient+zkAsyncQuery.m */,
				E67A7B1E14A13F2D00C9164A /* zkSforceClient.h */,
				E67A7B1F14A13F2D00C9164A /* zkSforceClient.m */,
				E67A7B2014A13F2D00C9164A /* zkSoapException.h */,
				E67A7B2114A13F2D00C9164A /* zkSoapException.m */,
				E67A7B2214A13F2D00C9164A /* zkSObject.h */,
				E67A7B2314A13F2D00C9164A /* zkSObject.m */,
				E67A7B2414A13F2D00C9164A /* zkUserInfo.h */,
				E67A7B2514A13F2D00C9164A /* zkUserInfo.m */,
				E67A7B2614A13F2D00C9164A /* zkXmlDeserializer.h */,
				E67A7B2714A13F2D00C9164A /* zkXmlDeserializer.m */,
			);
			name = zkSforce;
			path = "iPad Activity Tracker/zkSforce";
			sourceTree = "<group>";
		};
/* End PBXGroup section */

/* Begin PBXNativeTarget section */
		E66B0B7B1472FD1D00BBA686 /* iPad Activity Tracker */ = {
			isa = PBXNativeTarget;
			buildConfigurationList = E66B0BA01472FD1D00BBA686 /* Build configuration list for PBXNativeTarget "iPad Activity Tracker" */;
			buildPhases = (
				E66B0B781472FD1D00BBA686 /* Sources */,
				E66B0B791472FD1D00BBA686 /* Frameworks */,
				E66B0B7A1472FD1D00BBA686 /* Resources */,
			);
			buildRules = (
			);
			dependencies = (
			);
			name = "iPad Activity Tracker";
			productName = "iPad Activity Tracker";
			productReference = E66B0B7C1472FD1D00BBA686 /* iPad Activity Tracker.app */;
			productType = "com.apple.product-type.application";
		};
/* End PBXNativeTarget section */

/* Begin PBXProject section */
		E66B0B731472FD1C00BBA686 /* Project object */ = {
			isa = PBXProject;
			attributes = {
				LastUpgradeCheck = 0420;
			};
			buildConfigurationList = E66B0B761472FD1C00BBA686 /* Build configuration list for PBXProject "iPad Activity Tracker" */;
			compatibilityVersion = "Xcode 3.2";
			developmentRegion = English;
			hasScannedForEncodings = 0;
			knownRegions = (
				en,
			);
			mainGroup = E66B0B711472FD1C00BBA686;
			productRefGroup = E66B0B7D1472FD1D00BBA686 /* Products */;
			projectDirPath = "";
			projectRoot = "";
			targets = (
				E66B0B7B1472FD1D00BBA686 /* iPad Activity Tracker */,
			);
		};
/* End PBXProject section */

/* Begin PBXResourcesBuildPhase section */
		E66B0B7A1472FD1D00BBA686 /* Resources */ = {
			isa = PBXResourcesBuildPhase;
			buildActionMask = 2147483647;
			files = (
				E66B0B8B1472FD1D00BBA686 /* InfoPlist.strings in Resources */,
				E66B0C2B147300C000BBA686 /* LoginView.xib in Resources */,
				E602621C148AAE76000AEF45 /* openactivity32.png in Resources */,
				E67A7AD0149F58DA00C9164A /* datePicker16.gif in Resources */,
				E67A7B6E14A228C200C9164A /* linenBG.png in Resources */,
				E66ADB0D14A29A750015D074 /* TypeSelectController.xib in Resources */,
				E6E0DBE614A3970100A3ED77 /* OpportunitySelectController.xib in Resources */,
				E6E0DBF014A397DE00A3ED77 /* AccountSelectController.xib in Resources */,
				E6E0DBF314A39D7700A3ED77 /* bank.png in Resources */,
				E6E0DBF414A39D7700A3ED77 /* piggy.png in Resources */,
				E66A312514B1F13100345C9F /* button_cancel20x20.png in Resources */,
				E66A312614B1F13100345C9F /* Ok20x20.png in Resources */,
				E66A312714B1F13100345C9F /* OkGray20x20.png in Resources */,
				E66A312B14B1F53300345C9F /* Icon-72.png in Resources */,
				E66A312C14B1F53300345C9F /* Icon-Small-50.png in Resources */,
				E60CBF9314BCCFDD00EB7A71 /* AllEventsViewController.xib in Resources */,
				E6DB09E314CB240900D1FDB4 /* EventDetailViewController.xib in Resources */,
				E6D99C0614CF08A300016F44 /* Calendar.png in Resources */,
				E6D99C0914CF0C9A00016F44 /* google-calendar-icon32x32.png in Resources */,
				E6D99C0B14CF0F0000016F44 /* SFDCLogo2-small.jpg in Resources */,
				E6D99C0D14CF125600016F44 /* Calendar16.png in Resources */,
				E6D99C0F14CF14FF00016F44 /* datePicker16ok.gif in Resources */,
				E6D99C1114CF160F00016F44 /* datePicker16halfok.gif in Resources */,
				E6D99C1314CF1AB400016F44 /* help.html in Resources */,
				E676353214CF57B9001B83F6 /* OpportunityDetailViewController.xib in Resources */,
				E6051FEF14CF70E9009D8EE9 /* OpportunitySearchController.xib in Resources */,
				E625BD6514D00DDE00027680 /* AccountDetailViewController.xib in Resources */,
				E625BD7014D15D8600027680 /* SettingsViewController.xib in Resources */,
				E679952814D1D1D900E76759 /* preferences.png in Resources */,
				E679952B14D1D23300E76759 /* magnifyingglass.png in Resources */,
				E679952D14D1D27200E76759 /* database.png in Resources */,
				E650270514D85CCC00CA563C /* Entitlements.plist in Resources */,
				E6EF2C3914E6EF8800CB5D1E /* 83-calendar.png in Resources */,
				E6EF2C3C14E8331900CB5D1E /* save.png in Resources */,
				E6EF2C3E14E836B400CB5D1E /* 23_full_trash.png in Resources */,
			);
			runOnlyForDeploymentPostprocessing = 0;
		};
/* End PBXResourcesBuildPhase section */

/* Begin PBXSourcesBuildPhase section */
		E66B0B781472FD1D00BBA686 /* Sources */ = {
			isa = PBXSourcesBuildPhase;
			buildActionMask = 2147483647;
			files = (
				E66B0B8D1472FD1D00BBA686 /* main.m in Sources */,
				E66B0B911472FD1D00BBA686 /* AppDelegate.m in Sources */,
				E66B0C2A147300C000BBA686 /* LoginView.m in Sources */,
				E602621F148B6F41000AEF45 /* Utils.m in Sources */,
				E6026222148B7107000AEF45 /* Day.m in Sources */,
				E67A7B2814A13F2D00C9164A /* zkAuthentication.m in Sources */,
				E67A7B2914A13F2D00C9164A /* zkBaseClient.m in Sources */,
				E67A7B2A14A13F2D00C9164A /* zkChildRelationship.m in Sources */,
				E67A7B2B14A13F2D00C9164A /* zkDescribeField.m in Sources */,
				E67A7B2C14A13F2D00C9164A /* zkDescribeGlobalSObject.m in Sources */,
				E67A7B2D14A13F2D00C9164A /* ZKDescribeLayout.m in Sources */,
				E67A7B2E14A13F2D00C9164A /* ZKDescribeLayoutButton.m in Sources */,
				E67A7B2F14A13F2D00C9164A /* ZKDescribeLayoutButtonSection.m in Sources */,
				E67A7B3014A13F2D00C9164A /* ZKDescribeLayoutComponent.m in Sources */,
				E67A7B3114A13F2D00C9164A /* ZKDescribeLayoutItem.m in Sources */,
				E67A7B3214A13F2D00C9164A /* ZKDescribeLayoutResult.m in Sources */,
				E67A7B3314A13F2D00C9164A /* ZKDescribeLayoutRow.m in Sources */,
				E67A7B3414A13F2D00C9164A /* ZKDescribeLayoutSection.m in Sources */,
				E67A7B3514A13F2D00C9164A /* zkDescribeSObject.m in Sources */,
				E67A7B3614A13F2D00C9164A /* ZKDescribeTab.m in Sources */,
				E67A7B3714A13F2D00C9164A /* ZKDescribeTabSetResult.m in Sources */,
				E67A7B3814A13F2D00C9164A /* zkEnvelope.m in Sources */,
				E67A7B3914A13F2D00C9164A /* zkLoginResult.m in Sources */,
				E67A7B3A14A13F2D00C9164A /* zkParser.m in Sources */,
				E67A7B3B14A13F2D00C9164A /* ZKPartnerEnvelope.m in Sources */,
				E67A7B3C14A13F2D00C9164A /* ZKPicklistEntry.m in Sources */,
				E67A7B3D14A13F2D00C9164A /* ZKPicklistForRecordType.m in Sources */,
				E67A7B3E14A13F2D00C9164A /* zkQueryResult+NSTableView.m in Sources */,
				E67A7B3F14A13F2D00C9164A /* zkQueryResult.m in Sources */,
				E67A7B4014A13F2D00C9164A /* ZKRecordTypeInfo.m in Sources */,
				E67A7B4114A13F2D00C9164A /* ZKRecordTypeMapping.m in Sources */,
				E67A7B4214A13F2D00C9164A /* ZKRelatedList.m in Sources */,
				E67A7B4314A13F2D00C9164A /* ZKRelatedListColumn.m in Sources */,
				E67A7B4414A13F2D00C9164A /* ZKRelatedListSort.m in Sources */,
				E67A7B4514A13F2D00C9164A /* zkSaveResult.m in Sources */,
				E67A7B4614A13F2D00C9164A /* zkSforceClient+zkAsyncQuery.m in Sources */,
				E67A7B4714A13F2D00C9164A /* zkSforceClient.m in Sources */,
				E67A7B4814A13F2D00C9164A /* zkSoapException.m in Sources */,
				E67A7B4914A13F2D00C9164A /* zkSObject.m in Sources */,
				E67A7B4A14A13F2D00C9164A /* zkUserInfo.m in Sources */,
				E67A7B4B14A13F2D00C9164A /* zkXmlDeserializer.m in Sources */,
				E67A7B7114A22F8300C9164A /* SFDC.m in Sources */,
				E67A7B7514A23A4800C9164A /* NSURL+Additions.m in Sources */,
				E67A7B7814A23DEE00C9164A /* SimpleKeychain.m in Sources */,
				E66ADB0C14A29A750015D074 /* TypeSelectController.m in Sources */,
				E6E0DBE514A3970100A3ED77 /* OpportunitySelectController.m in Sources */,
				E6E0DBEF14A397DE00A3ED77 /* AccountSelectController.m in Sources */,
				E60CBF8E14BCBAB700EB7A71 /* AllEventsViewController.m in Sources */,
				E672A9AD14BDCCA60091FA32 /* ATEvent.m in Sources */,
				E6DB09E214CB240900D1FDB4 /* EventDetailViewController.m in Sources */,
				E676353114CF57B9001B83F6 /* OpportunityDetailViewController.m in Sources */,
				E6051FEE14CF70E9009D8EE9 /* OpportunitySearchController.m in Sources */,
				E625BD6414D00DDE00027680 /* AccountDetailViewController.m in Sources */,
				E625BD6F14D15D8600027680 /* SettingsViewController.m in Sources */,
			);
			runOnlyForDeploymentPostprocessing = 0;
		};
/* End PBXSourcesBuildPhase section */

/* Begin PBXVariantGroup section */
		E66B0B891472FD1D00BBA686 /* InfoPlist.strings */ = {
			isa = PBXVariantGroup;
			children = (
				E66B0B8A1472FD1D00BBA686 /* en */,
			);
			name = InfoPlist.strings;
			sourceTree = "<group>";
		};
/* End PBXVariantGroup section */

/* Begin XCBuildConfiguration section */
		E66B0B9E1472FD1D00BBA686 /* Debug */ = {
			isa = XCBuildConfiguration;
			buildSettings = {
				ALWAYS_SEARCH_USER_PATHS = NO;
				ARCHS = "$(ARCHS_STANDARD_32_BIT)";
				"CODE_SIGN_IDENTITY[sdk=iphoneos*]" = "iPhone Developer";
				COPY_PHASE_STRIP = NO;
				GCC_C_LANGUAGE_STANDARD = gnu99;
				GCC_DYNAMIC_NO_PIC = NO;
				GCC_OPTIMIZATION_LEVEL = 0;
				GCC_PREPROCESSOR_DEFINITIONS = (
					"DEBUG=1",
					"$(inherited)",
				);
				GCC_SYMBOLS_PRIVATE_EXTERN = NO;
				GCC_VERSION = com.apple.compilers.llvm.clang.1_0;
				GCC_WARN_ABOUT_MISSING_PROTOTYPES = YES;
				GCC_WARN_ABOUT_RETURN_TYPE = YES;
				GCC_WARN_UNUSED_VARIABLE = YES;
				IPHONEOS_DEPLOYMENT_TARGET = 5.0;
				"PROVISIONING_PROFILE[sdk=iphoneos*]" = "";
				SDKROOT = iphoneos;
				TARGETED_DEVICE_FAMILY = 2;
			};
			name = Debug;
		};
		E66B0B9F1472FD1D00BBA686 /* Release */ = {
			isa = XCBuildConfiguration;
			buildSettings = {
				ALWAYS_SEARCH_USER_PATHS = NO;
				ARCHS = "$(ARCHS_STANDARD_32_BIT)";
				"CODE_SIGN_IDENTITY[sdk=iphoneos*]" = "iPhone Distribution: David Van Puyvelde";
				COPY_PHASE_STRIP = YES;
				GCC_C_LANGUAGE_STANDARD = gnu99;
				GCC_VERSION = com.apple.compilers.llvm.clang.1_0;
				GCC_WARN_ABOUT_MISSING_PROTOTYPES = YES;
				GCC_WARN_ABOUT_RETURN_TYPE = YES;
				GCC_WARN_UNUSED_VARIABLE = YES;
				IPHONEOS_DEPLOYMENT_TARGET = 5.0;
				OTHER_CFLAGS = "-DNS_BLOCK_ASSERTIONS=1";
				"PROVISIONING_PROFILE[sdk=iphoneos*]" = "";
				SDKROOT = iphoneos;
				TARGETED_DEVICE_FAMILY = 2;
				VALIDATE_PRODUCT = YES;
			};
			name = Release;
		};
		E66B0BA11472FD1D00BBA686 /* Debug */ = {
			isa = XCBuildConfiguration;
			buildSettings = {
				GCC_PRECOMPILE_PREFIX_HEADER = YES;
				GCC_PREFIX_HEADER = "iPad Activity Tracker/iPad Activity Tracker-Prefix.pch";
				HEADER_SEARCH_PATHS = /usr/include/libxml2;
				INFOPLIST_FILE = "iPad Activity Tracker/iPad Activity Tracker-Info.plist";
				IPHONEOS_DEPLOYMENT_TARGET = 5.0;
				OTHER_LDFLAGS = "-lxml2";
				PRODUCT_NAME = "$(TARGET_NAME)";
				WRAPPER_EXTENSION = app;
			};
			name = Debug;
		};
		E66B0BA21472FD1D00BBA686 /* Release */ = {
			isa = XCBuildConfiguration;
			buildSettings = {
				GCC_PRECOMPILE_PREFIX_HEADER = YES;
				GCC_PREFIX_HEADER = "iPad Activity Tracker/iPad Activity Tracker-Prefix.pch";
				HEADER_SEARCH_PATHS = /usr/include/libxml2;
				INFOPLIST_FILE = "iPad Activity Tracker/iPad Activity Tracker-Info.plist";
				IPHONEOS_DEPLOYMENT_TARGET = 5.0;
				OTHER_LDFLAGS = "-lxml2";
				PRODUCT_NAME = "$(TARGET_NAME)";
				WRAPPER_EXTENSION = app;
			};
			name = Release;
		};
		E679952E14D83B1000E76759 /* Ad Hoc */ = {
			isa = XCBuildConfiguration;
			buildSettings = {
				ALWAYS_SEARCH_USER_PATHS = NO;
				ARCHS = "$(ARCHS_STANDARD_32_BIT)";
				"CODE_SIGN_IDENTITY[sdk=iphoneos*]" = "iPhone Distribution: David Van Puyvelde";
				COPY_PHASE_STRIP = YES;
				GCC_C_LANGUAGE_STANDARD = gnu99;
				GCC_VERSION = com.apple.compilers.llvm.clang.1_0;
				GCC_WARN_ABOUT_MISSING_PROTOTYPES = YES;
				GCC_WARN_ABOUT_RETURN_TYPE = YES;
				GCC_WARN_UNUSED_VARIABLE = YES;
				IPHONEOS_DEPLOYMENT_TARGET = 5.0;
				OTHER_CFLAGS = "-DNS_BLOCK_ASSERTIONS=1";
				"PROVISIONING_PROFILE[sdk=iphoneos*]" = "";
				SDKROOT = iphoneos;
				TARGETED_DEVICE_FAMILY = 2;
				VALIDATE_PRODUCT = YES;
			};
			name = "Ad Hoc";
		};
		E679952F14D83B1000E76759 /* Ad Hoc */ = {
			isa = XCBuildConfiguration;
			buildSettings = {
				"CODE_SIGN_ENTITLEMENTS[sdk=*]" = Entitlements.plist;
				GCC_PRECOMPILE_PREFIX_HEADER = YES;
				GCC_PREFIX_HEADER = "iPad Activity Tracker/iPad Activity Tracker-Prefix.pch";
				HEADER_SEARCH_PATHS = /usr/include/libxml2;
				INFOPLIST_FILE = "iPad Activity Tracker/iPad Activity Tracker-Info.plist";
				IPHONEOS_DEPLOYMENT_TARGET = 5.0;
				OTHER_LDFLAGS = "-lxml2";
				PRODUCT_NAME = "$(TARGET_NAME)";
				WRAPPER_EXTENSION = app;
			};
			name = "Ad Hoc";
		};
/* End XCBuildConfiguration section */

/* Begin XCConfigurationList section */
		E66B0B761472FD1C00BBA686 /* Build configuration list for PBXProject "iPad Activity Tracker" */ = {
			isa = XCConfigurationList;
			buildConfigurations = (
				E66B0B9E1472FD1D00BBA686 /* Debug */,
				E66B0B9F1472FD1D00BBA686 /* Release */,
				E679952E14D83B1000E76759 /* Ad Hoc */,
			);
			defaultConfigurationIsVisible = 0;
			defaultConfigurationName = Release;
		};
		E66B0BA01472FD1D00BBA686 /* Build configuration list for PBXNativeTarget "iPad Activity Tracker" */ = {
			isa = XCConfigurationList;
			buildConfigurations = (
				E66B0BA11472FD1D00BBA686 /* Debug */,
				E66B0BA21472FD1D00BBA686 /* Release */,
				E679952F14D83B1000E76759 /* Ad Hoc */,
			);
			defaultConfigurationIsVisible = 0;
			defaultConfigurationName = Release;
		};
/* End XCConfigurationList section */
	};
	rootObject = E66B0B731472FD1C00BBA686 /* Project object */;
}
